
Microsoft Visual Studio Solution File, Format Version 12.00
# Visual Studio Version 16
VisualStudioVersion = 16.0.29519.87
MinimumVisualStudioVersion = 10.0.40219.1
Project("{2150E333-8FDC-42A3-9474-1A3956D46DE8}") = "src", "src", "{827E0CD3-B72D-47B6-A68D-7590B98EB39B}"
EndProject
Project("{2150E333-8FDC-42A3-9474-1A3956D46DE8}") = "Legacy", "Legacy", "{90AACAC6-F01F-4D80-4495-114698DDABE3}"
EndProject
Project("{FAE04EC0-301F-11D3-BF4B-00C04F79EFBC}") = "BingoAPI", "src\Legacy\BingoAPI\BingoAPI.csproj", "{EF6C69CA-65C5-4B20-8297-54199BDC8B36}"
EndProject
Project("{FAE04EC0-301F-11D3-BF4B-00C04F79EFBC}") = "Bingo.Contracts", "src\Legacy\Bingo.Contracts\Bingo.Contracts.csproj", "{A44ADCDC-3352-4A3B-B50E-DA03BF73531D}"
EndProject
Project("{2150E333-8FDC-42A3-9474-1A3956D46DE8}") = "tests", "tests", "{0AB3BF05-4346-4AA6-1389-037BE0695223}"
EndProject
Project("{2150E333-8FDC-42A3-9474-1A3956D46DE8}") = "Legacy", "Legacy", "{676D0979-40FD-0699-BCE1-E26B1C7B6859}"
EndProject
Project("{FAE04EC0-301F-11D3-BF4B-00C04F79EFBC}") = "Bingo.IntegrationTests", "tests\Legacy\Bingo.IntegrationTests\Bingo.IntegrationTests.csproj", "{1DA7381A-3ADF-42F5-9601-633012A335BA}"
EndProject
Project("{FAE04EC0-301F-11D3-BF4B-00C04F79EFBC}") = "Hopaut.ArchitectureTests", "tests\Hopaut.ArchitectureTests\Hopaut.ArchitectureTests.csproj", "{F3A33375-3453-441A-9F12-41B9B6C58D31}"
EndProject
Project("{2150E333-8FDC-42A3-9474-1A3956D46DE8}") = "BuildingBlocks", "BuildingBlocks", "{90298CBA-BD6F-3A0A-69D5-97CAD7B05E7E}"
EndProject
Project("{FAE04EC0-301F-11D3-BF4B-00C04F79EFBC}") = "Hopaut.SharedKernel", "src\BuildingBlocks\Hopaut.SharedKernel\Hopaut.SharedKernel.csproj", "{86220351-D0B8-4352-8F01-85320F383959}"
EndProject
Project("{FAE04EC0-301F-11D3-BF4B-00C04F79EFBC}") = "Hopaut.IntegrationEvents", "src\BuildingBlocks\Hopaut.IntegrationEvents\Hopaut.IntegrationEvents.csproj", "{EB6069A0-1B14-4F65-A06E-D8B195D716F2}"
EndProject
Project("{FAE04EC0-301F-11D3-BF4B-00C04F79EFBC}") = "Hopaut.BuildingBlocks.Application", "src\BuildingBlocks\Hopaut.BuildingBlocks.Application\Hopaut.BuildingBlocks.Application.csproj", "{E00CE93C-A9E0-48B6-8743-59939791C30A}"
EndProject
Project("{FAE04EC0-301F-11D3-BF4B-00C04F79EFBC}") = "Hopaut.BuildingBlocks.Infrastructure", "src\BuildingBlocks\Hopaut.BuildingBlocks.Infrastructure\Hopaut.BuildingBlocks.Infrastructure.csproj", "{7A2E41D5-C69B-42D1-B2CE-50D0D393A2E3}"
EndProject
Project("{FAE04EC0-301F-11D3-BF4B-00C04F79EFBC}") = "Hopaut.BuildingBlocks.Api", "src\BuildingBlocks\Hopaut.BuildingBlocks.Api\Hopaut.BuildingBlocks.Api.csproj", "{868B1D4D-7E1A-4CF1-A056-6CD12A43BC7C}"
EndProject
Project("{2150E333-8FDC-42A3-9474-1A3956D46DE8}") = "Host", "Host", "{981C2CF6-E5BB-602A-511C-234B538302B0}"
EndProject
Project("{FAE04EC0-301F-11D3-BF4B-00C04F79EFBC}") = "Hopaut.Api.Host", "src\Host\Hopaut.Api.Host\Hopaut.Api.Host.csproj", "{3145FD73-DBFE-4EDD-A4B7-46D88BBE4C69}"
EndProject
Project("{2150E333-8FDC-42A3-9474-1A3956D46DE8}") = "Modules", "Modules", "{EC447DCF-ABFA-6E24-52A5-D7FD48A5C558}"
EndProject
Project("{2150E333-8FDC-42A3-9474-1A3956D46DE8}") = "Identity", "Identity", "{0EC62A1A-9858-3A60-8A0C-FC9AACFA2EC7}"
EndProject
Project("{FAE04EC0-301F-11D3-BF4B-00C04F79EFBC}") = "Hopaut.Modules.Identity.Domain", "src\Modules\Identity\Hopaut.Modules.Identity.Domain\Hopaut.Modules.Identity.Domain.csproj", "{4458D06B-AA00-4004-AE93-FF88E7946CC3}"
EndProject
Project("{FAE04EC0-301F-11D3-BF4B-00C04F79EFBC}") = "Hopaut.Modules.Identity.Application", "src\Modules\Identity\Hopaut.Modules.Identity.Application\Hopaut.Modules.Identity.Application.csproj", "{78D0323E-BAD6-4F73-BB93-E72699D621EF}"
EndProject
Project("{FAE04EC0-301F-11D3-BF4B-00C04F79EFBC}") = "Hopaut.Modules.Identity.Infrastructure", "src\Modules\Identity\Hopaut.Modules.Identity.Infrastructure\Hopaut.Modules.Identity.Infrastructure.csproj", "{4F39B8DE-A286-4817-AE2C-9BB356D2AD4C}"
EndProject
Project("{FAE04EC0-301F-11D3-BF4B-00C04F79EFBC}") = "Hopaut.Modules.Identity.Api", "src\Modules\Identity\Hopaut.Modules.Identity.Api\Hopaut.Modules.Identity.Api.csproj", "{0F93750C-A079-46DD-94C5-1528FD910608}"
EndProject
Project("{2150E333-8FDC-42A3-9474-1A3956D46DE8}") = "Users", "Users", "{A26F344D-182E-CE53-AD51-2154946AC6F3}"
EndProject
Project("{FAE04EC0-301F-11D3-BF4B-00C04F79EFBC}") = "Hopaut.Modules.Users.Domain", "src\Modules\Users\Hopaut.Modules.Users.Domain\Hopaut.Modules.Users.Domain.csproj", "{BECC089F-B698-4B03-877F-F9157C3C8F36}"
EndProject
Project("{FAE04EC0-301F-11D3-BF4B-00C04F79EFBC}") = "Hopaut.Modules.Users.Application", "src\Modules\Users\Hopaut.Modules.Users.Application\Hopaut.Modules.Users.Application.csproj", "{41F78501-7C97-45FC-A908-344D14CC45A1}"
EndProject
Project("{FAE04EC0-301F-11D3-BF4B-00C04F79EFBC}") = "Hopaut.Modules.Users.Infrastructure", "src\Modules\Users\Hopaut.Modules.Users.Infrastructure\Hopaut.Modules.Users.Infrastructure.csproj", "{38E9D967-294C-4BFF-BE36-0DB2268386F0}"
EndProject
Project("{FAE04EC0-301F-11D3-BF4B-00C04F79EFBC}") = "Hopaut.Modules.Users.Api", "src\Modules\Users\Hopaut.Modules.Users.Api\Hopaut.Modules.Users.Api.csproj", "{F2E9A0C4-8B23-41B6-9E04-1849FE7CC211}"
EndProject
Project("{2150E333-8FDC-42A3-9474-1A3956D46DE8}") = "Media", "Media", "{ABB153F5-497E-25E7-E918-29ED4C71B6E5}"
EndProject
Project("{FAE04EC0-301F-11D3-BF4B-00C04F79EFBC}") = "Hopaut.Modules.Media.Domain", "src\Modules\Media\Hopaut.Modules.Media.Domain\Hopaut.Modules.Media.Domain.csproj", "{D8739877-2139-45CB-B02C-2E257A040CF7}"
EndProject
Project("{FAE04EC0-301F-11D3-BF4B-00C04F79EFBC}") = "Hopaut.Modules.Media.Application", "src\Modules\Media\Hopaut.Modules.Media.Application\Hopaut.Modules.Media.Application.csproj", "{F85D9CD6-D617-493C-99D8-F1ACB0524B23}"
EndProject
Project("{FAE04EC0-301F-11D3-BF4B-00C04F79EFBC}") = "Hopaut.Modules.Media.Infrastructure", "src\Modules\Media\Hopaut.Modules.Media.Infrastructure\Hopaut.Modules.Media.Infrastructure.csproj", "{AA235D6F-5BAA-4A5D-9845-765F586083AE}"
EndProject
Project("{FAE04EC0-301F-11D3-BF4B-00C04F79EFBC}") = "Hopaut.Modules.Media.Api", "src\Modules\Media\Hopaut.Modules.Media.Api\Hopaut.Modules.Media.Api.csproj", "{60942727-E628-4DFC-9CF2-F6C7BAD60B0E}"
EndProject
Project("{2150E333-8FDC-42A3-9474-1A3956D46DE8}") = "Posts", "Posts", "{706CDA7D-1D5B-41F9-2B7B-CFC0D50122E6}"
EndProject
Project("{FAE04EC0-301F-11D3-BF4B-00C04F79EFBC}") = "Hopaut.Modules.Posts.Domain", "src\Modules\Posts\Hopaut.Modules.Posts.Domain\Hopaut.Modules.Posts.Domain.csproj", "{F9861FCD-382C-4986-8ABD-5F57D32E70FA}"
EndProject
Project("{FAE04EC0-301F-11D3-BF4B-00C04F79EFBC}") = "Hopaut.Modules.Posts.Application", "src\Modules\Posts\Hopaut.Modules.Posts.Application\Hopaut.Modules.Posts.Application.csproj", "{F05AE454-D059-4498-A509-41EFEF86E07F}"
EndProject
Project("{FAE04EC0-301F-11D3-BF4B-00C04F79EFBC}") = "Hopaut.Modules.Posts.Infrastructure", "src\Modules\Posts\Hopaut.Modules.Posts.Infrastructure\Hopaut.Modules.Posts.Infrastructure.csproj", "{5956972A-7F10-4BC9-B49B-A2220DAA46F6}"
EndProject
Project("{FAE04EC0-301F-11D3-BF4B-00C04F79EFBC}") = "Hopaut.Modules.Posts.Api", "src\Modules\Posts\Hopaut.Modules.Posts.Api\Hopaut.Modules.Posts.Api.csproj", "{5C190951-F29B-4F36-BCE9-664BD41E4491}"
EndProject
Project("{2150E333-8FDC-42A3-9474-1A3956D46DE8}") = "Attendance", "Attendance", "{A3EAED29-4CBC-FD78-85FB-369C0DE60D96}"
EndProject
Project("{FAE04EC0-301F-11D3-BF4B-00C04F79EFBC}") = "Hopaut.Modules.Attendance.Domain", "src\Modules\Attendance\Hopaut.Modules.Attendance.Domain\Hopaut.Modules.Attendance.Domain.csproj", "{7E0F220F-F935-465F-A283-958564366B58}"
EndProject
Project("{FAE04EC0-301F-11D3-BF4B-00C04F79EFBC}") = "Hopaut.Modules.Attendance.Application", "src\Modules\Attendance\Hopaut.Modules.Attendance.Application\Hopaut.Modules.Attendance.Application.csproj", "{B4CE37D1-8587-4302-A381-686EE3B63337}"
EndProject
Project("{FAE04EC0-301F-11D3-BF4B-00C04F79EFBC}") = "Hopaut.Modules.Attendance.Infrastructure", "src\Modules\Attendance\Hopaut.Modules.Attendance.Infrastructure\Hopaut.Modules.Attendance.Infrastructure.csproj", "{0C2C2E82-D125-4415-8AD1-E562D24FBEB3}"
EndProject
Project("{FAE04EC0-301F-11D3-BF4B-00C04F79EFBC}") = "Hopaut.Modules.Attendance.Api", "src\Modules\Attendance\Hopaut.Modules.Attendance.Api\Hopaut.Modules.Attendance.Api.csproj", "{4B2DB34F-A176-45B3-A1F8-88318C148E50}"
EndProject
Project("{2150E333-8FDC-42A3-9474-1A3956D46DE8}") = "Announcements", "Announcements", "{9FCB07E3-B411-69C0-9CA4-7AFC7B26BAA0}"
EndProject
Project("{FAE04EC0-301F-11D3-BF4B-00C04F79EFBC}") = "Hopaut.Modules.Announcements.Domain", "src\Modules\Announcements\Hopaut.Modules.Announcements.Domain\Hopaut.Modules.Announcements.Domain.csproj", "{3C421B4A-A239-4521-93D3-143D1DFA6FF9}"
EndProject
Project("{FAE04EC0-301F-11D3-BF4B-00C04F79EFBC}") = "Hopaut.Modules.Announcements.Application", "src\Modules\Announcements\Hopaut.Modules.Announcements.Application\Hopaut.Modules.Announcements.Application.csproj", "{5A072622-A3BC-4905-B106-D128330243A3}"
EndProject
Project("{FAE04EC0-301F-11D3-BF4B-00C04F79EFBC}") = "Hopaut.Modules.Announcements.Infrastructure", "src\Modules\Announcements\Hopaut.Modules.Announcements.Infrastructure\Hopaut.Modules.Announcements.Infrastructure.csproj", "{62A4EC24-C5FA-4C3D-B51A-45306D546522}"
EndProject
Project("{FAE04EC0-301F-11D3-BF4B-00C04F79EFBC}") = "Hopaut.Modules.Announcements.Api", "src\Modules\Announcements\Hopaut.Modules.Announcements.Api\Hopaut.Modules.Announcements.Api.csproj", "{45232222-EC4B-4401-A07E-D227535D52BD}"
EndProject
Project("{2150E333-8FDC-42A3-9474-1A3956D46DE8}") = "Ratings", "Ratings", "{82A79FF3-AF37-F2F7-8945-CDFBE75466C5}"
EndProject
Project("{FAE04EC0-301F-11D3-BF4B-00C04F79EFBC}") = "Hopaut.Modules.Ratings.Domain", "src\Modules\Ratings\Hopaut.Modules.Ratings.Domain\Hopaut.Modules.Ratings.Domain.csproj", "{4DBA1248-B560-4AB0-857C-8554F091266C}"
EndProject
Project("{FAE04EC0-301F-11D3-BF4B-00C04F79EFBC}") = "Hopaut.Modules.Ratings.Application", "src\Modules\Ratings\Hopaut.Modules.Ratings.Application\Hopaut.Modules.Ratings.Application.csproj", "{9BC0E9A6-AE24-4A22-B1CA-2A71E14A47E4}"
EndProject
Project("{FAE04EC0-301F-11D3-BF4B-00C04F79EFBC}") = "Hopaut.Modules.Ratings.Infrastructure", "src\Modules\Ratings\Hopaut.Modules.Ratings.Infrastructure\Hopaut.Modules.Ratings.Infrastructure.csproj", "{5CE9D71E-C289-44B2-B236-2657DDE2C15F}"
EndProject
Project("{FAE04EC0-301F-11D3-BF4B-00C04F79EFBC}") = "Hopaut.Modules.Ratings.Api", "src\Modules\Ratings\Hopaut.Modules.Ratings.Api\Hopaut.Modules.Ratings.Api.csproj", "{8F1DC1F8-73D0-4322-A6F7-5DA68A5C1BAA}"
EndProject
Project("{2150E333-8FDC-42A3-9474-1A3956D46DE8}") = "Notifications", "Notifications", "{DE9DAF8A-E684-0FD3-FFDC-40D3E3158533}"
EndProject
Project("{FAE04EC0-301F-11D3-BF4B-00C04F79EFBC}") = "Hopaut.Modules.Notifications.Application", "src\Modules\Notifications\Hopaut.Modules.Notifications.Application\Hopaut.Modules.Notifications.Application.csproj", "{D1DF88D4-D48E-41F2-A1B7-1CA4EC62E9E0}"
EndProject
Project("{FAE04EC0-301F-11D3-BF4B-00C04F79EFBC}") = "Hopaut.Modules.Notifications.Infrastructure", "src\Modules\Notifications\Hopaut.Modules.Notifications.Infrastructure\Hopaut.Modules.Notifications.Infrastructure.csproj", "{93387485-49C3-4BD7-A109-63DBD9F41F17}"
EndProject
Project("{FAE04EC0-301F-11D3-BF4B-00C04F79EFBC}") = "Hopaut.Modules.Notifications.Api", "src\Modules\Notifications\Hopaut.Modules.Notifications.Api\Hopaut.Modules.Notifications.Api.csproj", "{98A39C57-A056-454E-A568-E3CB40444BD9}"
EndProject
Project("{2150E333-8FDC-42A3-9474-1A3956D46DE8}") = "Moderation", "Moderation", "{CCE8970C-F19F-F7F5-0E2D-F3755490E052}"
EndProject
Project("{FAE04EC0-301F-11D3-BF4B-00C04F79EFBC}") = "Hopaut.Modules.Moderation.Application", "src\Modules\Moderation\Hopaut.Modules.Moderation.Application\Hopaut.Modules.Moderation.Application.csproj", "{ED63E6FF-7D5B-401E-993C-2E0455E99A66}"
EndProject
Project("{FAE04EC0-301F-11D3-BF4B-00C04F79EFBC}") = "Hopaut.Modules.Moderation.Domain", "src\Modules\Moderation\Hopaut.Modules.Moderation.Domain\Hopaut.Modules.Moderation.Domain.csproj", "{EB978316-B6D7-482A-9F02-708A5AAF1470}"
EndProject
Project("{FAE04EC0-301F-11D3-BF4B-00C04F79EFBC}") = "Hopaut.Modules.Moderation.Infrastructure", "src\Modules\Moderation\Hopaut.Modules.Moderation.Infrastructure\Hopaut.Modules.Moderation.Infrastructure.csproj", "{2E487A0E-9688-4E99-834E-A765E4664F86}"
EndProject
Project("{FAE04EC0-301F-11D3-BF4B-00C04F79EFBC}") = "Hopaut.Modules.Moderation.Api", "src\Modules\Moderation\Hopaut.Modules.Moderation.Api\Hopaut.Modules.Moderation.Api.csproj", "{2D2C746F-7CC2-4AE1-9BAD-B66AB99A3BBD}"
EndProject
Project("{2150E333-8FDC-42A3-9474-1A3956D46DE8}") = "BugReports", "BugReports", "{E2033C11-7B98-52CD-6515-667A004EDADD}"
EndProject
Project("{FAE04EC0-301F-11D3-BF4B-00C04F79EFBC}") = "Hopaut.Modules.BugReports.Application", "src\Modules\BugReports\Hopaut.Modules.BugReports.Application\Hopaut.Modules.BugReports.Application.csproj", "{172FA6BC-EA3C-4CC5-BE4C-85EB96C246E5}"
EndProject
Project("{FAE04EC0-301F-11D3-BF4B-00C04F79EFBC}") = "Hopaut.Modules.BugReports.Domain", "src\Modules\BugReports\Hopaut.Modules.BugReports.Domain\Hopaut.Modules.BugReports.Domain.csproj", "{B22F49A4-EED9-4392-833F-5BA136D3BB27}"
EndProject
Project("{FAE04EC0-301F-11D3-BF4B-00C04F79EFBC}") = "Hopaut.Modules.BugReports.Infrastructure", "src\Modules\BugReports\Hopaut.Modules.BugReports.Infrastructure\Hopaut.Modules.BugReports.Infrastructure.csproj", "{69846FBC-A23C-499F-9A00-9E106BF1CEC6}"
EndProject
Project("{FAE04EC0-301F-11D3-BF4B-00C04F79EFBC}") = "Hopaut.Modules.BugReports.Api", "src\Modules\BugReports\Hopaut.Modules.BugReports.Api\Hopaut.Modules.BugReports.Api.csproj", "{2853BB49-3444-4309-B403-AD42061C58FA}"
EndProject
Project("{2150E333-8FDC-42A3-9474-1A3956D46DE8}") = "Payments", "Payments", "{3482A603-7AEB-377F-9DA5-9757A465DBE8}"
EndProject
Project("{FAE04EC0-301F-11D3-BF4B-00C04F79EFBC}") = "Hopaut.Modules.Payments.Application", "src\Modules\Payments\Hopaut.Modules.Payments.Application\Hopaut.Modules.Payments.Application.csproj", "{858A42A7-27CC-43C6-8BCD-3521DCCB8171}"
EndProject
Project("{FAE04EC0-301F-11D3-BF4B-00C04F79EFBC}") = "Hopaut.Modules.Payments.Infrastructure", "src\Modules\Payments\Hopaut.Modules.Payments.Infrastructure\Hopaut.Modules.Payments.Infrastructure.csproj", "{A43E5D7E-9F8F-40DE-9982-2C923A663583}"
EndProject
Project("{FAE04EC0-301F-11D3-BF4B-00C04F79EFBC}") = "Hopaut.Modules.Payments.Api", "src\Modules\Payments\Hopaut.Modules.Payments.Api\Hopaut.Modules.Payments.Api.csproj", "{7BCC517F-FE6A-4B74-BD4D-F0D1B59B3BB3}"
EndProject
Global
	GlobalSection(SolutionConfigurationPlatforms) = preSolution
		Debug|Any CPU = Debug|Any CPU
		Debug|x64 = Debug|x64
		Debug|x86 = Debug|x86
		Release|Any CPU = Release|Any CPU
		Release|x64 = Release|x64
		Release|x86 = Release|x86
	EndGlobalSection
	GlobalSection(ProjectConfigurationPlatforms) = postSolution
		{EF6C69CA-65C5-4B20-8297-54199BDC8B36}.Debug|Any CPU.ActiveCfg = Debug|Any CPU
		{EF6C69CA-65C5-4B20-8297-54199BDC8B36}.Debug|Any CPU.Build.0 = Debug|Any CPU
		{EF6C69CA-65C5-4B20-8297-54199BDC8B36}.Debug|x64.ActiveCfg = Debug|Any CPU
		{EF6C69CA-65C5-4B20-8297-54199BDC8B36}.Debug|x64.Build.0 = Debug|Any CPU
		{EF6C69CA-65C5-4B20-8297-54199BDC8B36}.Debug|x86.ActiveCfg = Debug|Any CPU
		{EF6C69CA-65C5-4B20-8297-54199BDC8B36}.Debug|x86.Build.0 = Debug|Any CPU
		{EF6C69CA-65C5-4B20-8297-54199BDC8B36}.Release|Any CPU.ActiveCfg = Release|Any CPU
		{EF6C69CA-65C5-4B20-8297-54199BDC8B36}.Release|Any CPU.Build.0 = Release|Any CPU
		{EF6C69CA-65C5-4B20-8297-54199BDC8B36}.Release|x64.ActiveCfg = Release|Any CPU
		{EF6C69CA-65C5-4B20-8297-54199BDC8B36}.Release|x64.Build.0 = Release|Any CPU
		{EF6C69CA-65C5-4B20-8297-54199BDC8B36}.Release|x86.ActiveCfg = Release|Any CPU
		{EF6C69CA-65C5-4B20-8297-54199BDC8B36}.Release|x86.Build.0 = Release|Any CPU
		{A44ADCDC-3352-4A3B-B50E-DA03BF73531D}.Debug|Any CPU.ActiveCfg = Debug|Any CPU
		{A44ADCDC-3352-4A3B-B50E-DA03BF73531D}.Debug|Any CPU.Build.0 = Debug|Any CPU
		{A44ADCDC-3352-4A3B-B50E-DA03BF73531D}.Debug|x64.ActiveCfg = Debug|Any CPU
		{A44ADCDC-3352-4A3B-B50E-DA03BF73531D}.Debug|x64.Build.0 = Debug|Any CPU
		{A44ADCDC-3352-4A3B-B50E-DA03BF73531D}.Debug|x86.ActiveCfg = Debug|Any CPU
		{A44ADCDC-3352-4A3B-B50E-DA03BF73531D}.Debug|x86.Build.0 = Debug|Any CPU
		{A44ADCDC-3352-4A3B-B50E-DA03BF73531D}.Release|Any CPU.ActiveCfg = Release|Any CPU
		{A44ADCDC-3352-4A3B-B50E-DA03BF73531D}.Release|Any CPU.Build.0 = Release|Any CPU
		{A44ADCDC-3352-4A3B-B50E-DA03BF73531D}.Release|x64.ActiveCfg = Release|Any CPU
		{A44ADCDC-3352-4A3B-B50E-DA03BF73531D}.Release|x64.Build.0 = Release|Any CPU
		{A44ADCDC-3352-4A3B-B50E-DA03BF73531D}.Release|x86.ActiveCfg = Release|Any CPU
		{A44ADCDC-3352-4A3B-B50E-DA03BF73531D}.Release|x86.Build.0 = Release|Any CPU
		{1DA7381A-3ADF-42F5-9601-633012A335BA}.Debug|Any CPU.ActiveCfg = Debug|Any CPU
		{1DA7381A-3ADF-42F5-9601-633012A335BA}.Debug|Any CPU.Build.0 = Debug|Any CPU
		{1DA7381A-3ADF-42F5-9601-633012A335BA}.Debug|x64.ActiveCfg = Debug|Any CPU
		{1DA7381A-3ADF-42F5-9601-633012A335BA}.Debug|x64.Build.0 = Debug|Any CPU
		{1DA7381A-3ADF-42F5-9601-633012A335BA}.Debug|x86.ActiveCfg = Debug|Any CPU
		{1DA7381A-3ADF-42F5-9601-633012A335BA}.Debug|x86.Build.0 = Debug|Any CPU
		{1DA7381A-3ADF-42F5-9601-633012A335BA}.Release|Any CPU.ActiveCfg = Release|Any CPU
		{1DA7381A-3ADF-42F5-9601-633012A335BA}.Release|Any CPU.Build.0 = Release|Any CPU
		{1DA7381A-3ADF-42F5-9601-633012A335BA}.Release|x64.ActiveCfg = Release|Any CPU
		{1DA7381A-3ADF-42F5-9601-633012A335BA}.Release|x64.Build.0 = Release|Any CPU
		{1DA7381A-3ADF-42F5-9601-633012A335BA}.Release|x86.ActiveCfg = Release|Any CPU
		{1DA7381A-3ADF-42F5-9601-633012A335BA}.Release|x86.Build.0 = Release|Any CPU
		{F3A33375-3453-441A-9F12-41B9B6C58D31}.Debug|Any CPU.ActiveCfg = Debug|Any CPU
		{F3A33375-3453-441A-9F12-41B9B6C58D31}.Debug|Any CPU.Build.0 = Debug|Any CPU
		{F3A33375-3453-441A-9F12-41B9B6C58D31}.Debug|x64.ActiveCfg = Debug|Any CPU
		{F3A33375-3453-441A-9F12-41B9B6C58D31}.Debug|x64.Build.0 = Debug|Any CPU
		{F3A33375-3453-441A-9F12-41B9B6C58D31}.Debug|x86.ActiveCfg = Debug|Any CPU
		{F3A33375-3453-441A-9F12-41B9B6C58D31}.Debug|x86.Build.0 = Debug|Any CPU
		{F3A33375-3453-441A-9F12-41B9B6C58D31}.Release|Any CPU.ActiveCfg = Release|Any CPU
		{F3A33375-3453-441A-9F12-41B9B6C58D31}.Release|Any CPU.Build.0 = Release|Any CPU
		{F3A33375-3453-441A-9F12-41B9B6C58D31}.Release|x64.ActiveCfg = Release|Any CPU
		{F3A33375-3453-441A-9F12-41B9B6C58D31}.Release|x64.Build.0 = Release|Any CPU
		{F3A33375-3453-441A-9F12-41B9B6C58D31}.Release|x86.ActiveCfg = Release|Any CPU
		{F3A33375-3453-441A-9F12-41B9B6C58D31}.Release|x86.Build.0 = Release|Any CPU
		{86220351-D0B8-4352-8F01-85320F383959}.Debug|Any CPU.ActiveCfg = Debug|Any CPU
		{86220351-D0B8-4352-8F01-85320F383959}.Debug|Any CPU.Build.0 = Debug|Any CPU
		{86220351-D0B8-4352-8F01-85320F383959}.Debug|x64.ActiveCfg = Debug|Any CPU
		{86220351-D0B8-4352-8F01-85320F383959}.Debug|x64.Build.0 = Debug|Any CPU
		{86220351-D0B8-4352-8F01-85320F383959}.Debug|x86.ActiveCfg = Debug|Any CPU
		{86220351-D0B8-4352-8F01-85320F383959}.Debug|x86.Build.0 = Debug|Any CPU
		{86220351-D0B8-4352-8F01-85320F383959}.Release|Any CPU.ActiveCfg = Release|Any CPU
		{86220351-D0B8-4352-8F01-85320F383959}.Release|Any CPU.Build.0 = Release|Any CPU
		{86220351-D0B8-4352-8F01-85320F383959}.Release|x64.ActiveCfg = Release|Any CPU
		{86220351-D0B8-4352-8F01-85320F383959}.Release|x64.Build.0 = Release|Any CPU
		{86220351-D0B8-4352-8F01-85320F383959}.Release|x86.ActiveCfg = Release|Any CPU
		{86220351-D0B8-4352-8F01-85320F383959}.Release|x86.Build.0 = Release|Any CPU
		{EB6069A0-1B14-4F65-A06E-D8B195D716F2}.Debug|Any CPU.ActiveCfg = Debug|Any CPU
		{EB6069A0-1B14-4F65-A06E-D8B195D716F2}.Debug|Any CPU.Build.0 = Debug|Any CPU
		{EB6069A0-1B14-4F65-A06E-D8B195D716F2}.Debug|x64.ActiveCfg = Debug|Any CPU
		{EB6069A0-1B14-4F65-A06E-D8B195D716F2}.Debug|x64.Build.0 = Debug|Any CPU
		{EB6069A0-1B14-4F65-A06E-D8B195D716F2}.Debug|x86.ActiveCfg = Debug|Any CPU
		{EB6069A0-1B14-4F65-A06E-D8B195D716F2}.Debug|x86.Build.0 = Debug|Any CPU
		{EB6069A0-1B14-4F65-A06E-D8B195D716F2}.Release|Any CPU.ActiveCfg = Release|Any CPU
		{EB6069A0-1B14-4F65-A06E-D8B195D716F2}.Release|Any CPU.Build.0 = Release|Any CPU
		{EB6069A0-1B14-4F65-A06E-D8B195D716F2}.Release|x64.ActiveCfg = Release|Any CPU
		{EB6069A0-1B14-4F65-A06E-D8B195D716F2}.Release|x64.Build.0 = Release|Any CPU
		{EB6069A0-1B14-4F65-A06E-D8B195D716F2}.Release|x86.ActiveCfg = Release|Any CPU
		{EB6069A0-1B14-4F65-A06E-D8B195D716F2}.Release|x86.Build.0 = Release|Any CPU
		{E00CE93C-A9E0-48B6-8743-59939791C30A}.Debug|Any CPU.ActiveCfg = Debug|Any CPU
		{E00CE93C-A9E0-48B6-8743-59939791C30A}.Debug|Any CPU.Build.0 = Debug|Any CPU
		{E00CE93C-A9E0-48B6-8743-59939791C30A}.Debug|x64.ActiveCfg = Debug|Any CPU
		{E00CE93C-A9E0-48B6-8743-59939791C30A}.Debug|x64.Build.0 = Debug|Any CPU
		{E00CE93C-A9E0-48B6-8743-59939791C30A}.Debug|x86.ActiveCfg = Debug|Any CPU
		{E00CE93C-A9E0-48B6-8743-59939791C30A}.Debug|x86.Build.0 = Debug|Any CPU
		{E00CE93C-A9E0-48B6-8743-59939791C30A}.Release|Any CPU.ActiveCfg = Release|Any CPU
		{E00CE93C-A9E0-48B6-8743-59939791C30A}.Release|Any CPU.Build.0 = Release|Any CPU
		{E00CE93C-A9E0-48B6-8743-59939791C30A}.Release|x64.ActiveCfg = Release|Any CPU
		{E00CE93C-A9E0-48B6-8743-59939791C30A}.Release|x64.Build.0 = Release|Any CPU
		{E00CE93C-A9E0-48B6-8743-59939791C30A}.Release|x86.ActiveCfg = Release|Any CPU
		{E00CE93C-A9E0-48B6-8743-59939791C30A}.Release|x86.Build.0 = Release|Any CPU
		{7A2E41D5-C69B-42D1-B2CE-50D0D393A2E3}.Debug|Any CPU.ActiveCfg = Debug|Any CPU
		{7A2E41D5-C69B-42D1-B2CE-50D0D393A2E3}.Debug|Any CPU.Build.0 = Debug|Any CPU
		{7A2E41D5-C69B-42D1-B2CE-50D0D393A2E3}.Debug|x64.ActiveCfg = Debug|Any CPU
		{7A2E41D5-C69B-42D1-B2CE-50D0D393A2E3}.Debug|x64.Build.0 = Debug|Any CPU
		{7A2E41D5-C69B-42D1-B2CE-50D0D393A2E3}.Debug|x86.ActiveCfg = Debug|Any CPU
		{7A2E41D5-C69B-42D1-B2CE-50D0D393A2E3}.Debug|x86.Build.0 = Debug|Any CPU
		{7A2E41D5-C69B-42D1-B2CE-50D0D393A2E3}.Release|Any CPU.ActiveCfg = Release|Any CPU
		{7A2E41D5-C69B-42D1-B2CE-50D0D393A2E3}.Release|Any CPU.Build.0 = Release|Any CPU
		{7A2E41D5-C69B-42D1-B2CE-50D0D393A2E3}.Release|x64.ActiveCfg = Release|Any CPU
		{7A2E41D5-C69B-42D1-B2CE-50D0D393A2E3}.Release|x64.Build.0 = Release|Any CPU
		{7A2E41D5-C69B-42D1-B2CE-50D0D393A2E3}.Release|x86.ActiveCfg = Release|Any CPU
		{7A2E41D5-C69B-42D1-B2CE-50D0D393A2E3}.Release|x86.Build.0 = Release|Any CPU
		{868B1D4D-7E1A-4CF1-A056-6CD12A43BC7C}.Debug|Any CPU.ActiveCfg = Debug|Any CPU
		{868B1D4D-7E1A-4CF1-A056-6CD12A43BC7C}.Debug|Any CPU.Build.0 = Debug|Any CPU
		{868B1D4D-7E1A-4CF1-A056-6CD12A43BC7C}.Debug|x64.ActiveCfg = Debug|Any CPU
		{868B1D4D-7E1A-4CF1-A056-6CD12A43BC7C}.Debug|x64.Build.0 = Debug|Any CPU
		{868B1D4D-7E1A-4CF1-A056-6CD12A43BC7C}.Debug|x86.ActiveCfg = Debug|Any CPU
		{868B1D4D-7E1A-4CF1-A056-6CD12A43BC7C}.Debug|x86.Build.0 = Debug|Any CPU
		{868B1D4D-7E1A-4CF1-A056-6CD12A43BC7C}.Release|Any CPU.ActiveCfg = Release|Any CPU
		{868B1D4D-7E1A-4CF1-A056-6CD12A43BC7C}.Release|Any CPU.Build.0 = Release|Any CPU
		{868B1D4D-7E1A-4CF1-A056-6CD12A43BC7C}.Release|x64.ActiveCfg = Release|Any CPU
		{868B1D4D-7E1A-4CF1-A056-6CD12A43BC7C}.Release|x64.Build.0 = Release|Any CPU
		{868B1D4D-7E1A-4CF1-A056-6CD12A43BC7C}.Release|x86.ActiveCfg = Release|Any CPU
		{868B1D4D-7E1A-4CF1-A056-6CD12A43BC7C}.Release|x86.Build.0 = Release|Any CPU
		{3145FD73-DBFE-4EDD-A4B7-46D88BBE4C69}.Debug|Any CPU.ActiveCfg = Debug|Any CPU
		{3145FD73-DBFE-4EDD-A4B7-46D88BBE4C69}.Debug|Any CPU.Build.0 = Debug|Any CPU
		{3145FD73-DBFE-4EDD-A4B7-46D88BBE4C69}.Debug|x64.ActiveCfg = Debug|Any CPU
		{3145FD73-DBFE-4EDD-A4B7-46D88BBE4C69}.Debug|x64.Build.0 = Debug|Any CPU
		{3145FD73-DBFE-4EDD-A4B7-46D88BBE4C69}.Debug|x86.ActiveCfg = Debug|Any CPU
		{3145FD73-DBFE-4EDD-A4B7-46D88BBE4C69}.Debug|x86.Build.0 = Debug|Any CPU
		{3145FD73-DBFE-4EDD-A4B7-46D88BBE4C69}.Release|Any CPU.ActiveCfg = Release|Any CPU
		{3145FD73-DBFE-4EDD-A4B7-46D88BBE4C69}.Release|Any CPU.Build.0 = Release|Any CPU
		{3145FD73-DBFE-4EDD-A4B7-46D88BBE4C69}.Release|x64.ActiveCfg = Release|Any CPU
		{3145FD73-DBFE-4EDD-A4B7-46D88BBE4C69}.Release|x64.Build.0 = Release|Any CPU
		{3145FD73-DBFE-4EDD-A4B7-46D88BBE4C69}.Release|x86.ActiveCfg = Release|Any CPU
		{3145FD73-DBFE-4EDD-A4B7-46D88BBE4C69}.Release|x86.Build.0 = Release|Any CPU
		{4458D06B-AA00-4004-AE93-FF88E7946CC3}.Debug|Any CPU.ActiveCfg = Debug|Any CPU
		{4458D06B-AA00-4004-AE93-FF88E7946CC3}.Debug|Any CPU.Build.0 = Debug|Any CPU
		{4458D06B-AA00-4004-AE93-FF88E7946CC3}.Debug|x64.ActiveCfg = Debug|Any CPU
		{4458D06B-AA00-4004-AE93-FF88E7946CC3}.Debug|x64.Build.0 = Debug|Any CPU
		{4458D06B-AA00-4004-AE93-FF88E7946CC3}.Debug|x86.ActiveCfg = Debug|Any CPU
		{4458D06B-AA00-4004-AE93-FF88E7946CC3}.Debug|x86.Build.0 = Debug|Any CPU
		{4458D06B-AA00-4004-AE93-FF88E7946CC3}.Release|Any CPU.ActiveCfg = Release|Any CPU
		{4458D06B-AA00-4004-AE93-FF88E7946CC3}.Release|Any CPU.Build.0 = Release|Any CPU
		{4458D06B-AA00-4004-AE93-FF88E7946CC3}.Release|x64.ActiveCfg = Release|Any CPU
		{4458D06B-AA00-4004-AE93-FF88E7946CC3}.Release|x64.Build.0 = Release|Any CPU
		{4458D06B-AA00-4004-AE93-FF88E7946CC3}.Release|x86.ActiveCfg = Release|Any CPU
		{4458D06B-AA00-4004-AE93-FF88E7946CC3}.Release|x86.Build.0 = Release|Any CPU
		{78D0323E-BAD6-4F73-BB93-E72699D621EF}.Debug|Any CPU.ActiveCfg = Debug|Any CPU
		{78D0323E-BAD6-4F73-BB93-E72699D621EF}.Debug|Any CPU.Build.0 = Debug|Any CPU
		{78D0323E-BAD6-4F73-BB93-E72699D621EF}.Debug|x64.ActiveCfg = Debug|Any CPU
		{78D0323E-BAD6-4F73-BB93-E72699D621EF}.Debug|x64.Build.0 = Debug|Any CPU
		{78D0323E-BAD6-4F73-BB93-E72699D621EF}.Debug|x86.ActiveCfg = Debug|Any CPU
		{78D0323E-BAD6-4F73-BB93-E72699D621EF}.Debug|x86.Build.0 = Debug|Any CPU
		{78D0323E-BAD6-4F73-BB93-E72699D621EF}.Release|Any CPU.ActiveCfg = Release|Any CPU
		{78D0323E-BAD6-4F73-BB93-E72699D621EF}.Release|Any CPU.Build.0 = Release|Any CPU
		{78D0323E-BAD6-4F73-BB93-E72699D621EF}.Release|x64.ActiveCfg = Release|Any CPU
		{78D0323E-BAD6-4F73-BB93-E72699D621EF}.Release|x64.Build.0 = Release|Any CPU
		{78D0323E-BAD6-4F73-BB93-E72699D621EF}.Release|x86.ActiveCfg = Release|Any CPU
		{78D0323E-BAD6-4F73-BB93-E72699D621EF}.Release|x86.Build.0 = Release|Any CPU
		{4F39B8DE-A286-4817-AE2C-9BB356D2AD4C}.Debug|Any CPU.ActiveCfg = Debug|Any CPU
		{4F39B8DE-A286-4817-AE2C-9BB356D2AD4C}.Debug|Any CPU.Build.0 = Debug|Any CPU
		{4F39B8DE-A286-4817-AE2C-9BB356D2AD4C}.Debug|x64.ActiveCfg = Debug|Any CPU
		{4F39B8DE-A286-4817-AE2C-9BB356D2AD4C}.Debug|x64.Build.0 = Debug|Any CPU
		{4F39B8DE-A286-4817-AE2C-9BB356D2AD4C}.Debug|x86.ActiveCfg = Debug|Any CPU
		{4F39B8DE-A286-4817-AE2C-9BB356D2AD4C}.Debug|x86.Build.0 = Debug|Any CPU
		{4F39B8DE-A286-4817-AE2C-9BB356D2AD4C}.Release|Any CPU.ActiveCfg = Release|Any CPU
		{4F39B8DE-A286-4817-AE2C-9BB356D2AD4C}.Release|Any CPU.Build.0 = Release|Any CPU
		{4F39B8DE-A286-4817-AE2C-9BB356D2AD4C}.Release|x64.ActiveCfg = Release|Any CPU
		{4F39B8DE-A286-4817-AE2C-9BB356D2AD4C}.Release|x64.Build.0 = Release|Any CPU
		{4F39B8DE-A286-4817-AE2C-9BB356D2AD4C}.Release|x86.ActiveCfg = Release|Any CPU
		{4F39B8DE-A286-4817-AE2C-9BB356D2AD4C}.Release|x86.Build.0 = Release|Any CPU
		{0F93750C-A079-46DD-94C5-1528FD910608}.Debug|Any CPU.ActiveCfg = Debug|Any CPU
		{0F93750C-A079-46DD-94C5-1528FD910608}.Debug|Any CPU.Build.0 = Debug|Any CPU
		{0F93750C-A079-46DD-94C5-1528FD910608}.Debug|x64.ActiveCfg = Debug|Any CPU
		{0F93750C-A079-46DD-94C5-1528FD910608}.Debug|x64.Build.0 = Debug|Any CPU
		{0F93750C-A079-46DD-94C5-1528FD910608}.Debug|x86.ActiveCfg = Debug|Any CPU
		{0F93750C-A079-46DD-94C5-1528FD910608}.Debug|x86.Build.0 = Debug|Any CPU
		{0F93750C-A079-46DD-94C5-1528FD910608}.Release|Any CPU.ActiveCfg = Release|Any CPU
		{0F93750C-A079-46DD-94C5-1528FD910608}.Release|Any CPU.Build.0 = Release|Any CPU
		{0F93750C-A079-46DD-94C5-1528FD910608}.Release|x64.ActiveCfg = Release|Any CPU
		{0F93750C-A079-46DD-94C5-1528FD910608}.Release|x64.Build.0 = Release|Any CPU
		{0F93750C-A079-46DD-94C5-1528FD910608}.Release|x86.ActiveCfg = Release|Any CPU
		{0F93750C-A079-46DD-94C5-1528FD910608}.Release|x86.Build.0 = Release|Any CPU
		{BECC089F-B698-4B03-877F-F9157C3C8F36}.Debug|Any CPU.ActiveCfg = Debug|Any CPU
		{BECC089F-B698-4B03-877F-F9157C3C8F36}.Debug|Any CPU.Build.0 = Debug|Any CPU
		{BECC089F-B698-4B03-877F-F9157C3C8F36}.Debug|x64.ActiveCfg = Debug|Any CPU
		{BECC089F-B698-4B03-877F-F9157C3C8F36}.Debug|x64.Build.0 = Debug|Any CPU
		{BECC089F-B698-4B03-877F-F9157C3C8F36}.Debug|x86.ActiveCfg = Debug|Any CPU
		{BECC089F-B698-4B03-877F-F9157C3C8F36}.Debug|x86.Build.0 = Debug|Any CPU
		{BECC089F-B698-4B03-877F-F9157C3C8F36}.Release|Any CPU.ActiveCfg = Release|Any CPU
		{BECC089F-B698-4B03-877F-F9157C3C8F36}.Release|Any CPU.Build.0 = Release|Any CPU
		{BECC089F-B698-4B03-877F-F9157C3C8F36}.Release|x64.ActiveCfg = Release|Any CPU
		{BECC089F-B698-4B03-877F-F9157C3C8F36}.Release|x64.Build.0 = Release|Any CPU
		{BECC089F-B698-4B03-877F-F9157C3C8F36}.Release|x86.ActiveCfg = Release|Any CPU
		{BECC089F-B698-4B03-877F-F9157C3C8F36}.Release|x86.Build.0 = Release|Any CPU
		{41F78501-7C97-45FC-A908-344D14CC45A1}.Debug|Any CPU.ActiveCfg = Debug|Any CPU
		{41F78501-7C97-45FC-A908-344D14CC45A1}.Debug|Any CPU.Build.0 = Debug|Any CPU
		{41F78501-7C97-45FC-A908-344D14CC45A1}.Debug|x64.ActiveCfg = Debug|Any CPU
		{41F78501-7C97-45FC-A908-344D14CC45A1}.Debug|x64.Build.0 = Debug|Any CPU
		{41F78501-7C97-45FC-A908-344D14CC45A1}.Debug|x86.ActiveCfg = Debug|Any CPU
		{41F78501-7C97-45FC-A908-344D14CC45A1}.Debug|x86.Build.0 = Debug|Any CPU
		{41F78501-7C97-45FC-A908-344D14CC45A1}.Release|Any CPU.ActiveCfg = Release|Any CPU
		{41F78501-7C97-45FC-A908-344D14CC45A1}.Release|Any CPU.Build.0 = Release|Any CPU
		{41F78501-7C97-45FC-A908-344D14CC45A1}.Release|x64.ActiveCfg = Release|Any CPU
		{41F78501-7C97-45FC-A908-344D14CC45A1}.Release|x64.Build.0 = Release|Any CPU
		{41F78501-7C97-45FC-A908-344D14CC45A1}.Release|x86.ActiveCfg = Release|Any CPU
		{41F78501-7C97-45FC-A908-344D14CC45A1}.Release|x86.Build.0 = Release|Any CPU
		{38E9D967-294C-4BFF-BE36-0DB2268386F0}.Debug|Any CPU.ActiveCfg = Debug|Any CPU
		{38E9D967-294C-4BFF-BE36-0DB2268386F0}.Debug|Any CPU.Build.0 = Debug|Any CPU
		{38E9D967-294C-4BFF-BE36-0DB2268386F0}.Debug|x64.ActiveCfg = Debug|Any CPU
		{38E9D967-294C-4BFF-BE36-0DB2268386F0}.Debug|x64.Build.0 = Debug|Any CPU
		{38E9D967-294C-4BFF-BE36-0DB2268386F0}.Debug|x86.ActiveCfg = Debug|Any CPU
		{38E9D967-294C-4BFF-BE36-0DB2268386F0}.Debug|x86.Build.0 = Debug|Any CPU
		{38E9D967-294C-4BFF-BE36-0DB2268386F0}.Release|Any CPU.ActiveCfg = Release|Any CPU
		{38E9D967-294C-4BFF-BE36-0DB2268386F0}.Release|Any CPU.Build.0 = Release|Any CPU
		{38E9D967-294C-4BFF-BE36-0DB2268386F0}.Release|x64.ActiveCfg = Release|Any CPU
		{38E9D967-294C-4BFF-BE36-0DB2268386F0}.Release|x64.Build.0 = Release|Any CPU
		{38E9D967-294C-4BFF-BE36-0DB2268386F0}.Release|x86.ActiveCfg = Release|Any CPU
		{38E9D967-294C-4BFF-BE36-0DB2268386F0}.Release|x86.Build.0 = Release|Any CPU
		{F2E9A0C4-8B23-41B6-9E04-1849FE7CC211}.Debug|Any CPU.ActiveCfg = Debug|Any CPU
		{F2E9A0C4-8B23-41B6-9E04-1849FE7CC211}.Debug|Any CPU.Build.0 = Debug|Any CPU
		{F2E9A0C4-8B23-41B6-9E04-1849FE7CC211}.Debug|x64.ActiveCfg = Debug|Any CPU
		{F2E9A0C4-8B23-41B6-9E04-1849FE7CC211}.Debug|x64.Build.0 = Debug|Any CPU
		{F2E9A0C4-8B23-41B6-9E04-1849FE7CC211}.Debug|x86.ActiveCfg = Debug|Any CPU
		{F2E9A0C4-8B23-41B6-9E04-1849FE7CC211}.Debug|x86.Build.0 = Debug|Any CPU
		{F2E9A0C4-8B23-41B6-9E04-1849FE7CC211}.Release|Any CPU.ActiveCfg = Release|Any CPU
		{F2E9A0C4-8B23-41B6-9E04-1849FE7CC211}.Release|Any CPU.Build.0 = Release|Any CPU
		{F2E9A0C4-8B23-41B6-9E04-1849FE7CC211}.Release|x64.ActiveCfg = Release|Any CPU
		{F2E9A0C4-8B23-41B6-9E04-1849FE7CC211}.Release|x64.Build.0 = Release|Any CPU
		{F2E9A0C4-8B23-41B6-9E04-1849FE7CC211}.Release|x86.ActiveCfg = Release|Any CPU
		{F2E9A0C4-8B23-41B6-9E04-1849FE7CC211}.Release|x86.Build.0 = Release|Any CPU
		{D8739877-2139-45CB-B02C-2E257A040CF7}.Debug|Any CPU.ActiveCfg = Debug|Any CPU
		{D8739877-2139-45CB-B02C-2E257A040CF7}.Debug|Any CPU.Build.0 = Debug|Any CPU
		{D8739877-2139-45CB-B02C-2E257A040CF7}.Debug|x64.ActiveCfg = Debug|Any CPU
		{D8739877-2139-45CB-B02C-2E257A040CF7}.Debug|x64.Build.0 = Debug|Any CPU
		{D8739877-2139-45CB-B02C-2E257A040CF7}.Debug|x86.ActiveCfg = Debug|Any CPU
		{D8739877-2139-45CB-B02C-2E257A040CF7}.Debug|x86.Build.0 = Debug|Any CPU
		{D8739877-2139-45CB-B02C-2E257A040CF7}.Release|Any CPU.ActiveCfg = Release|Any CPU
		{D8739877-2139-45CB-B02C-2E257A040CF7}.Release|Any CPU.Build.0 = Release|Any CPU
		{D8739877-2139-45CB-B02C-2E257A040CF7}.Release|x64.ActiveCfg = Release|Any CPU
		{D8739877-2139-45CB-B02C-2E257A040CF7}.Release|x64.Build.0 = Release|Any CPU
		{D8739877-2139-45CB-B02C-2E257A040CF7}.Release|x86.ActiveCfg = Release|Any CPU
		{D8739877-2139-45CB-B02C-2E257A040CF7}.Release|x86.Build.0 = Release|Any CPU
		{F85D9CD6-D617-493C-99D8-F1ACB0524B23}.Debug|Any CPU.ActiveCfg = Debug|Any CPU
		{F85D9CD6-D617-493C-99D8-F1ACB0524B23}.Debug|Any CPU.Build.0 = Debug|Any CPU
		{F85D9CD6-D617-493C-99D8-F1ACB0524B23}.Debug|x64.ActiveCfg = Debug|Any CPU
		{F85D9CD6-D617-493C-99D8-F1ACB0524B23}.Debug|x64.Build.0 = Debug|Any CPU
		{F85D9CD6-D617-493C-99D8-F1ACB0524B23}.Debug|x86.ActiveCfg = Debug|Any CPU
		{F85D9CD6-D617-493C-99D8-F1ACB0524B23}.Debug|x86.Build.0 = Debug|Any CPU
		{F85D9CD6-D617-493C-99D8-F1ACB0524B23}.Release|Any CPU.ActiveCfg = Release|Any CPU
		{F85D9CD6-D617-493C-99D8-F1ACB0524B23}.Release|Any CPU.Build.0 = Release|Any CPU
		{F85D9CD6-D617-493C-99D8-F1ACB0524B23}.Release|x64.ActiveCfg = Release|Any CPU
		{F85D9CD6-D617-493C-99D8-F1ACB0524B23}.Release|x64.Build.0 = Release|Any CPU
		{F85D9CD6-D617-493C-99D8-F1ACB0524B23}.Release|x86.ActiveCfg = Release|Any CPU
		{F85D9CD6-D617-493C-99D8-F1ACB0524B23}.Release|x86.Build.0 = Release|Any CPU
		{AA235D6F-5BAA-4A5D-9845-765F586083AE}.Debug|Any CPU.ActiveCfg = Debug|Any CPU
		{AA235D6F-5BAA-4A5D-9845-765F586083AE}.Debug|Any CPU.Build.0 = Debug|Any CPU
		{AA235D6F-5BAA-4A5D-9845-765F586083AE}.Debug|x64.ActiveCfg = Debug|Any CPU
		{AA235D6F-5BAA-4A5D-9845-765F586083AE}.Debug|x64.Build.0 = Debug|Any CPU
		{AA235D6F-5BAA-4A5D-9845-765F586083AE}.Debug|x86.ActiveCfg = Debug|Any CPU
		{AA235D6F-5BAA-4A5D-9845-765F586083AE}.Debug|x86.Build.0 = Debug|Any CPU
		{AA235D6F-5BAA-4A5D-9845-765F586083AE}.Release|Any CPU.ActiveCfg = Release|Any CPU
		{AA235D6F-5BAA-4A5D-9845-765F586083AE}.Release|Any CPU.Build.0 = Release|Any CPU
		{AA235D6F-5BAA-4A5D-9845-765F586083AE}.Release|x64.ActiveCfg = Release|Any CPU
		{AA235D6F-5BAA-4A5D-9845-765F586083AE}.Release|x64.Build.0 = Release|Any CPU
		{AA235D6F-5BAA-4A5D-9845-765F586083AE}.Release|x86.ActiveCfg = Release|Any CPU
		{AA235D6F-5BAA-4A5D-9845-765F586083AE}.Release|x86.Build.0 = Release|Any CPU
		{60942727-E628-4DFC-9CF2-F6C7BAD60B0E}.Debug|Any CPU.ActiveCfg = Debug|Any CPU
		{60942727-E628-4DFC-9CF2-F6C7BAD60B0E}.Debug|Any CPU.Build.0 = Debug|Any CPU
		{60942727-E628-4DFC-9CF2-F6C7BAD60B0E}.Debug|x64.ActiveCfg = Debug|Any CPU
		{60942727-E628-4DFC-9CF2-F6C7BAD60B0E}.Debug|x64.Build.0 = Debug|Any CPU
		{60942727-E628-4DFC-9CF2-F6C7BAD60B0E}.Debug|x86.ActiveCfg = Debug|Any CPU
		{60942727-E628-4DFC-9CF2-F6C7BAD60B0E}.Debug|x86.Build.0 = Debug|Any CPU
		{60942727-E628-4DFC-9CF2-F6C7BAD60B0E}.Release|Any CPU.ActiveCfg = Release|Any CPU
		{60942727-E628-4DFC-9CF2-F6C7BAD60B0E}.Release|Any CPU.Build.0 = Release|Any CPU
		{60942727-E628-4DFC-9CF2-F6C7BAD60B0E}.Release|x64.ActiveCfg = Release|Any CPU
		{60942727-E628-4DFC-9CF2-F6C7BAD60B0E}.Release|x64.Build.0 = Release|Any CPU
		{60942727-E628-4DFC-9CF2-F6C7BAD60B0E}.Release|x86.ActiveCfg = Release|Any CPU
		{60942727-E628-4DFC-9CF2-F6C7BAD60B0E}.Release|x86.Build.0 = Release|Any CPU
		{F9861FCD-382C-4986-8ABD-5F57D32E70FA}.Debug|Any CPU.ActiveCfg = Debug|Any CPU
		{F9861FCD-382C-4986-8ABD-5F57D32E70FA}.Debug|Any CPU.Build.0 = Debug|Any CPU
		{F9861FCD-382C-4986-8ABD-5F57D32E70FA}.Debug|x64.ActiveCfg = Debug|Any CPU
		{F9861FCD-382C-4986-8ABD-5F57D32E70FA}.Debug|x64.Build.0 = Debug|Any CPU
		{F9861FCD-382C-4986-8ABD-5F57D32E70FA}.Debug|x86.ActiveCfg = Debug|Any CPU
		{F9861FCD-382C-4986-8ABD-5F57D32E70FA}.Debug|x86.Build.0 = Debug|Any CPU
		{F9861FCD-382C-4986-8ABD-5F57D32E70FA}.Release|Any CPU.ActiveCfg = Release|Any CPU
		{F9861FCD-382C-4986-8ABD-5F57D32E70FA}.Release|Any CPU.Build.0 = Release|Any CPU
		{F9861FCD-382C-4986-8ABD-5F57D32E70FA}.Release|x64.ActiveCfg = Release|Any CPU
		{F9861FCD-382C-4986-8ABD-5F57D32E70FA}.Release|x64.Build.0 = Release|Any CPU
		{F9861FCD-382C-4986-8ABD-5F57D32E70FA}.Release|x86.ActiveCfg = Release|Any CPU
		{F9861FCD-382C-4986-8ABD-5F57D32E70FA}.Release|x86.Build.0 = Release|Any CPU
		{F05AE454-D059-4498-A509-41EFEF86E07F}.Debug|Any CPU.ActiveCfg = Debug|Any CPU
		{F05AE454-D059-4498-A509-41EFEF86E07F}.Debug|Any CPU.Build.0 = Debug|Any CPU
		{F05AE454-D059-4498-A509-41EFEF86E07F}.Debug|x64.ActiveCfg = Debug|Any CPU
		{F05AE454-D059-4498-A509-41EFEF86E07F}.Debug|x64.Build.0 = Debug|Any CPU
		{F05AE454-D059-4498-A509-41EFEF86E07F}.Debug|x86.ActiveCfg = Debug|Any CPU
		{F05AE454-D059-4498-A509-41EFEF86E07F}.Debug|x86.Build.0 = Debug|Any CPU
		{F05AE454-D059-4498-A509-41EFEF86E07F}.Release|Any CPU.ActiveCfg = Release|Any CPU
		{F05AE454-D059-4498-A509-41EFEF86E07F}.Release|Any CPU.Build.0 = Release|Any CPU
		{F05AE454-D059-4498-A509-41EFEF86E07F}.Release|x64.ActiveCfg = Release|Any CPU
		{F05AE454-D059-4498-A509-41EFEF86E07F}.Release|x64.Build.0 = Release|Any CPU
		{F05AE454-D059-4498-A509-41EFEF86E07F}.Release|x86.ActiveCfg = Release|Any CPU
		{F05AE454-D059-4498-A509-41EFEF86E07F}.Release|x86.Build.0 = Release|Any CPU
		{5956972A-7F10-4BC9-B49B-A2220DAA46F6}.Debug|Any CPU.ActiveCfg = Debug|Any CPU
		{5956972A-7F10-4BC9-B49B-A2220DAA46F6}.Debug|Any CPU.Build.0 = Debug|Any CPU
		{5956972A-7F10-4BC9-B49B-A2220DAA46F6}.Debug|x64.ActiveCfg = Debug|Any CPU
		{5956972A-7F10-4BC9-B49B-A2220DAA46F6}.Debug|x64.Build.0 = Debug|Any CPU
		{5956972A-7F10-4BC9-B49B-A2220DAA46F6}.Debug|x86.ActiveCfg = Debug|Any CPU
		{5956972A-7F10-4BC9-B49B-A2220DAA46F6}.Debug|x86.Build.0 = Debug|Any CPU
		{5956972A-7F10-4BC9-B49B-A2220DAA46F6}.Release|Any CPU.ActiveCfg = Release|Any CPU
		{5956972A-7F10-4BC9-B49B-A2220DAA46F6}.Release|Any CPU.Build.0 = Release|Any CPU
		{5956972A-7F10-4BC9-B49B-A2220DAA46F6}.Release|x64.ActiveCfg = Release|Any CPU
		{5956972A-7F10-4BC9-B49B-A2220DAA46F6}.Release|x64.Build.0 = Release|Any CPU
		{5956972A-7F10-4BC9-B49B-A2220DAA46F6}.Release|x86.ActiveCfg = Release|Any CPU
		{5956972A-7F10-4BC9-B49B-A2220DAA46F6}.Release|x86.Build.0 = Release|Any CPU
		{5C190951-F29B-4F36-BCE9-664BD41E4491}.Debug|Any CPU.ActiveCfg = Debug|Any CPU
		{5C190951-F29B-4F36-BCE9-664BD41E4491}.Debug|Any CPU.Build.0 = Debug|Any CPU
		{5C190951-F29B-4F36-BCE9-664BD41E4491}.Debug|x64.ActiveCfg = Debug|Any CPU
		{5C190951-F29B-4F36-BCE9-664BD41E4491}.Debug|x64.Build.0 = Debug|Any CPU
		{5C190951-F29B-4F36-BCE9-664BD41E4491}.Debug|x86.ActiveCfg = Debug|Any CPU
		{5C190951-F29B-4F36-BCE9-664BD41E4491}.Debug|x86.Build.0 = Debug|Any CPU
		{5C190951-F29B-4F36-BCE9-664BD41E4491}.Release|Any CPU.ActiveCfg = Release|Any CPU
		{5C190951-F29B-4F36-BCE9-664BD41E4491}.Release|Any CPU.Build.0 = Release|Any CPU
		{5C190951-F29B-4F36-BCE9-664BD41E4491}.Release|x64.ActiveCfg = Release|Any CPU
		{5C190951-F29B-4F36-BCE9-664BD41E4491}.Release|x64.Build.0 = Release|Any CPU
		{5C190951-F29B-4F36-BCE9-664BD41E4491}.Release|x86.ActiveCfg = Release|Any CPU
		{5C190951-F29B-4F36-BCE9-664BD41E4491}.Release|x86.Build.0 = Release|Any CPU
		{7E0F220F-F935-465F-A283-958564366B58}.Debug|Any CPU.ActiveCfg = Debug|Any CPU
		{7E0F220F-F935-465F-A283-958564366B58}.Debug|Any CPU.Build.0 = Debug|Any CPU
		{7E0F220F-F935-465F-A283-958564366B58}.Debug|x64.ActiveCfg = Debug|Any CPU
		{7E0F220F-F935-465F-A283-958564366B58}.Debug|x64.Build.0 = Debug|Any CPU
		{7E0F220F-F935-465F-A283-958564366B58}.Debug|x86.ActiveCfg = Debug|Any CPU
		{7E0F220F-F935-465F-A283-958564366B58}.Debug|x86.Build.0 = Debug|Any CPU
		{7E0F220F-F935-465F-A283-958564366B58}.Release|Any CPU.ActiveCfg = Release|Any CPU
		{7E0F220F-F935-465F-A283-958564366B58}.Release|Any CPU.Build.0 = Release|Any CPU
		{7E0F220F-F935-465F-A283-958564366B58}.Release|x64.ActiveCfg = Release|Any CPU
		{7E0F220F-F935-465F-A283-958564366B58}.Release|x64.Build.0 = Release|Any CPU
		{7E0F220F-F935-465F-A283-958564366B58}.Release|x86.ActiveCfg = Release|Any CPU
		{7E0F220F-F935-465F-A283-958564366B58}.Release|x86.Build.0 = Release|Any CPU
		{B4CE37D1-8587-4302-A381-686EE3B63337}.Debug|Any CPU.ActiveCfg = Debug|Any CPU
		{B4CE37D1-8587-4302-A381-686EE3B63337}.Debug|Any CPU.Build.0 = Debug|Any CPU
		{B4CE37D1-8587-4302-A381-686EE3B63337}.Debug|x64.ActiveCfg = Debug|Any CPU
		{B4CE37D1-8587-4302-A381-686EE3B63337}.Debug|x64.Build.0 = Debug|Any CPU
		{B4CE37D1-8587-4302-A381-686EE3B63337}.Debug|x86.ActiveCfg = Debug|Any CPU
		{B4CE37D1-8587-4302-A381-686EE3B63337}.Debug|x86.Build.0 = Debug|Any CPU
		{B4CE37D1-8587-4302-A381-686EE3B63337}.Release|Any CPU.ActiveCfg = Release|Any CPU
		{B4CE37D1-8587-4302-A381-686EE3B63337}.Release|Any CPU.Build.0 = Release|Any CPU
		{B4CE37D1-8587-4302-A381-686EE3B63337}.Release|x64.ActiveCfg = Release|Any CPU
		{B4CE37D1-8587-4302-A381-686EE3B63337}.Release|x64.Build.0 = Release|Any CPU
		{B4CE37D1-8587-4302-A381-686EE3B63337}.Release|x86.ActiveCfg = Release|Any CPU
		{B4CE37D1-8587-4302-A381-686EE3B63337}.Release|x86.Build.0 = Release|Any CPU
		{0C2C2E82-D125-4415-8AD1-E562D24FBEB3}.Debug|Any CPU.ActiveCfg = Debug|Any CPU
		{0C2C2E82-D125-4415-8AD1-E562D24FBEB3}.Debug|Any CPU.Build.0 = Debug|Any CPU
		{0C2C2E82-D125-4415-8AD1-E562D24FBEB3}.Debug|x64.ActiveCfg = Debug|Any CPU
		{0C2C2E82-D125-4415-8AD1-E562D24FBEB3}.Debug|x64.Build.0 = Debug|Any CPU
		{0C2C2E82-D125-4415-8AD1-E562D24FBEB3}.Debug|x86.ActiveCfg = Debug|Any CPU
		{0C2C2E82-D125-4415-8AD1-E562D24FBEB3}.Debug|x86.Build.0 = Debug|Any CPU
		{0C2C2E82-D125-4415-8AD1-E562D24FBEB3}.Release|Any CPU.ActiveCfg = Release|Any CPU
		{0C2C2E82-D125-4415-8AD1-E562D24FBEB3}.Release|Any CPU.Build.0 = Release|Any CPU
		{0C2C2E82-D125-4415-8AD1-E562D24FBEB3}.Release|x64.ActiveCfg = Release|Any CPU
		{0C2C2E82-D125-4415-8AD1-E562D24FBEB3}.Release|x64.Build.0 = Release|Any CPU
		{0C2C2E82-D125-4415-8AD1-E562D24FBEB3}.Release|x86.ActiveCfg = Release|Any CPU
		{0C2C2E82-D125-4415-8AD1-E562D24FBEB3}.Release|x86.Build.0 = Release|Any CPU
		{4B2DB34F-A176-45B3-A1F8-88318C148E50}.Debug|Any CPU.ActiveCfg = Debug|Any CPU
		{4B2DB34F-A176-45B3-A1F8-88318C148E50}.Debug|Any CPU.Build.0 = Debug|Any CPU
		{4B2DB34F-A176-45B3-A1F8-88318C148E50}.Debug|x64.ActiveCfg = Debug|Any CPU
		{4B2DB34F-A176-45B3-A1F8-88318C148E50}.Debug|x64.Build.0 = Debug|Any CPU
		{4B2DB34F-A176-45B3-A1F8-88318C148E50}.Debug|x86.ActiveCfg = Debug|Any CPU
		{4B2DB34F-A176-45B3-A1F8-88318C148E50}.Debug|x86.Build.0 = Debug|Any CPU
		{4B2DB34F-A176-45B3-A1F8-88318C148E50}.Release|Any CPU.ActiveCfg = Release|Any CPU
		{4B2DB34F-A176-45B3-A1F8-88318C148E50}.Release|Any CPU.Build.0 = Release|Any CPU
		{4B2DB34F-A176-45B3-A1F8-88318C148E50}.Release|x64.ActiveCfg = Release|Any CPU
		{4B2DB34F-A176-45B3-A1F8-88318C148E50}.Release|x64.Build.0 = Release|Any CPU
		{4B2DB34F-A176-45B3-A1F8-88318C148E50}.Release|x86.ActiveCfg = Release|Any CPU
		{4B2DB34F-A176-45B3-A1F8-88318C148E50}.Release|x86.Build.0 = Release|Any CPU
		{3C421B4A-A239-4521-93D3-143D1DFA6FF9}.Debug|Any CPU.ActiveCfg = Debug|Any CPU
		{3C421B4A-A239-4521-93D3-143D1DFA6FF9}.Debug|Any CPU.Build.0 = Debug|Any CPU
		{3C421B4A-A239-4521-93D3-143D1DFA6FF9}.Debug|x64.ActiveCfg = Debug|Any CPU
		{3C421B4A-A239-4521-93D3-143D1DFA6FF9}.Debug|x64.Build.0 = Debug|Any CPU
		{3C421B4A-A239-4521-93D3-143D1DFA6FF9}.Debug|x86.ActiveCfg = Debug|Any CPU
		{3C421B4A-A239-4521-93D3-143D1DFA6FF9}.Debug|x86.Build.0 = Debug|Any CPU
		{3C421B4A-A239-4521-93D3-143D1DFA6FF9}.Release|Any CPU.ActiveCfg = Release|Any CPU
		{3C421B4A-A239-4521-93D3-143D1DFA6FF9}.Release|Any CPU.Build.0 = Release|Any CPU
		{3C421B4A-A239-4521-93D3-143D1DFA6FF9}.Release|x64.ActiveCfg = Release|Any CPU
		{3C421B4A-A239-4521-93D3-143D1DFA6FF9}.Release|x64.Build.0 = Release|Any CPU
		{3C421B4A-A239-4521-93D3-143D1DFA6FF9}.Release|x86.ActiveCfg = Release|Any CPU
		{3C421B4A-A239-4521-93D3-143D1DFA6FF9}.Release|x86.Build.0 = Release|Any CPU
		{5A072622-A3BC-4905-B106-D128330243A3}.Debug|Any CPU.ActiveCfg = Debug|Any CPU
		{5A072622-A3BC-4905-B106-D128330243A3}.Debug|Any CPU.Build.0 = Debug|Any CPU
		{5A072622-A3BC-4905-B106-D128330243A3}.Debug|x64.ActiveCfg = Debug|Any CPU
		{5A072622-A3BC-4905-B106-D128330243A3}.Debug|x64.Build.0 = Debug|Any CPU
		{5A072622-A3BC-4905-B106-D128330243A3}.Debug|x86.ActiveCfg = Debug|Any CPU
		{5A072622-A3BC-4905-B106-D128330243A3}.Debug|x86.Build.0 = Debug|Any CPU
		{5A072622-A3BC-4905-B106-D128330243A3}.Release|Any CPU.ActiveCfg = Release|Any CPU
		{5A072622-A3BC-4905-B106-D128330243A3}.Release|Any CPU.Build.0 = Release|Any CPU
		{5A072622-A3BC-4905-B106-D128330243A3}.Release|x64.ActiveCfg = Release|Any CPU
		{5A072622-A3BC-4905-B106-D128330243A3}.Release|x64.Build.0 = Release|Any CPU
		{5A072622-A3BC-4905-B106-D128330243A3}.Release|x86.ActiveCfg = Release|Any CPU
		{5A072622-A3BC-4905-B106-D128330243A3}.Release|x86.Build.0 = Release|Any CPU
		{62A4EC24-C5FA-4C3D-B51A-45306D546522}.Debug|Any CPU.ActiveCfg = Debug|Any CPU
		{62A4EC24-C5FA-4C3D-B51A-45306D546522}.Debug|Any CPU.Build.0 = Debug|Any CPU
		{62A4EC24-C5FA-4C3D-B51A-45306D546522}.Debug|x64.ActiveCfg = Debug|Any CPU
		{62A4EC24-C5FA-4C3D-B51A-45306D546522}.Debug|x64.Build.0 = Debug|Any CPU
		{62A4EC24-C5FA-4C3D-B51A-45306D546522}.Debug|x86.ActiveCfg = Debug|Any CPU
		{62A4EC24-C5FA-4C3D-B51A-45306D546522}.Debug|x86.Build.0 = Debug|Any CPU
		{62A4EC24-C5FA-4C3D-B51A-45306D546522}.Release|Any CPU.ActiveCfg = Release|Any CPU
		{62A4EC24-C5FA-4C3D-B51A-45306D546522}.Release|Any CPU.Build.0 = Release|Any CPU
		{62A4EC24-C5FA-4C3D-B51A-45306D546522}.Release|x64.ActiveCfg = Release|Any CPU
		{62A4EC24-C5FA-4C3D-B51A-45306D546522}.Release|x64.Build.0 = Release|Any CPU
		{62A4EC24-C5FA-4C3D-B51A-45306D546522}.Release|x86.ActiveCfg = Release|Any CPU
		{62A4EC24-C5FA-4C3D-B51A-45306D546522}.Release|x86.Build.0 = Release|Any CPU
		{45232222-EC4B-4401-A07E-D227535D52BD}.Debug|Any CPU.ActiveCfg = Debug|Any CPU
		{45232222-EC4B-4401-A07E-D227535D52BD}.Debug|Any CPU.Build.0 = Debug|Any CPU
		{45232222-EC4B-4401-A07E-D227535D52BD}.Debug|x64.ActiveCfg = Debug|Any CPU
		{45232222-EC4B-4401-A07E-D227535D52BD}.Debug|x64.Build.0 = Debug|Any CPU
		{45232222-EC4B-4401-A07E-D227535D52BD}.Debug|x86.ActiveCfg = Debug|Any CPU
		{45232222-EC4B-4401-A07E-D227535D52BD}.Debug|x86.Build.0 = Debug|Any CPU
		{45232222-EC4B-4401-A07E-D227535D52BD}.Release|Any CPU.ActiveCfg = Release|Any CPU
		{45232222-EC4B-4401-A07E-D227535D52BD}.Release|Any CPU.Build.0 = Release|Any CPU
		{45232222-EC4B-4401-A07E-D227535D52BD}.Release|x64.ActiveCfg = Release|Any CPU
		{45232222-EC4B-4401-A07E-D227535D52BD}.Release|x64.Build.0 = Release|Any CPU
		{45232222-EC4B-4401-A07E-D227535D52BD}.Release|x86.ActiveCfg = Release|Any CPU
		{45232222-EC4B-4401-A07E-D227535D52BD}.Release|x86.Build.0 = Release|Any CPU
		{4DBA1248-B560-4AB0-857C-8554F091266C}.Debug|Any CPU.ActiveCfg = Debug|Any CPU
		{4DBA1248-B560-4AB0-857C-8554F091266C}.Debug|Any CPU.Build.0 = Debug|Any CPU
		{4DBA1248-B560-4AB0-857C-8554F091266C}.Debug|x64.ActiveCfg = Debug|Any CPU
		{4DBA1248-B560-4AB0-857C-8554F091266C}.Debug|x64.Build.0 = Debug|Any CPU
		{4DBA1248-B560-4AB0-857C-8554F091266C}.Debug|x86.ActiveCfg = Debug|Any CPU
		{4DBA1248-B560-4AB0-857C-8554F091266C}.Debug|x86.Build.0 = Debug|Any CPU
		{4DBA1248-B560-4AB0-857C-8554F091266C}.Release|Any CPU.ActiveCfg = Release|Any CPU
		{4DBA1248-B560-4AB0-857C-8554F091266C}.Release|Any CPU.Build.0 = Release|Any CPU
		{4DBA1248-B560-4AB0-857C-8554F091266C}.Release|x64.ActiveCfg = Release|Any CPU
		{4DBA1248-B560-4AB0-857C-8554F091266C}.Release|x64.Build.0 = Release|Any CPU
		{4DBA1248-B560-4AB0-857C-8554F091266C}.Release|x86.ActiveCfg = Release|Any CPU
		{4DBA1248-B560-4AB0-857C-8554F091266C}.Release|x86.Build.0 = Release|Any CPU
		{9BC0E9A6-AE24-4A22-B1CA-2A71E14A47E4}.Debug|Any CPU.ActiveCfg = Debug|Any CPU
		{9BC0E9A6-AE24-4A22-B1CA-2A71E14A47E4}.Debug|Any CPU.Build.0 = Debug|Any CPU
		{9BC0E9A6-AE24-4A22-B1CA-2A71E14A47E4}.Debug|x64.ActiveCfg = Debug|Any CPU
		{9BC0E9A6-AE24-4A22-B1CA-2A71E14A47E4}.Debug|x64.Build.0 = Debug|Any CPU
		{9BC0E9A6-AE24-4A22-B1CA-2A71E14A47E4}.Debug|x86.ActiveCfg = Debug|Any CPU
		{9BC0E9A6-AE24-4A22-B1CA-2A71E14A47E4}.Debug|x86.Build.0 = Debug|Any CPU
		{9BC0E9A6-AE24-4A22-B1CA-2A71E14A47E4}.Release|Any CPU.ActiveCfg = Release|Any CPU
		{9BC0E9A6-AE24-4A22-B1CA-2A71E14A47E4}.Release|Any CPU.Build.0 = Release|Any CPU
		{9BC0E9A6-AE24-4A22-B1CA-2A71E14A47E4}.Release|x64.ActiveCfg = Release|Any CPU
		{9BC0E9A6-AE24-4A22-B1CA-2A71E14A47E4}.Release|x64.Build.0 = Release|Any CPU
		{9BC0E9A6-AE24-4A22-B1CA-2A71E14A47E4}.Release|x86.ActiveCfg = Release|Any CPU
		{9BC0E9A6-AE24-4A22-B1CA-2A71E14A47E4}.Release|x86.Build.0 = Release|Any CPU
		{5CE9D71E-C289-44B2-B236-2657DDE2C15F}.Debug|Any CPU.ActiveCfg = Debug|Any CPU
		{5CE9D71E-C289-44B2-B236-2657DDE2C15F}.Debug|Any CPU.Build.0 = Debug|Any CPU
		{5CE9D71E-C289-44B2-B236-2657DDE2C15F}.Debug|x64.ActiveCfg = Debug|Any CPU
		{5CE9D71E-C289-44B2-B236-2657DDE2C15F}.Debug|x64.Build.0 = Debug|Any CPU
		{5CE9D71E-C289-44B2-B236-2657DDE2C15F}.Debug|x86.ActiveCfg = Debug|Any CPU
		{5CE9D71E-C289-44B2-B236-2657DDE2C15F}.Debug|x86.Build.0 = Debug|Any CPU
		{5CE9D71E-C289-44B2-B236-2657DDE2C15F}.Release|Any CPU.ActiveCfg = Release|Any CPU
		{5CE9D71E-C289-44B2-B236-2657DDE2C15F}.Release|Any CPU.Build.0 = Release|Any CPU
		{5CE9D71E-C289-44B2-B236-2657DDE2C15F}.Release|x64.ActiveCfg = Release|Any CPU
		{5CE9D71E-C289-44B2-B236-2657DDE2C15F}.Release|x64.Build.0 = Release|Any CPU
		{5CE9D71E-C289-44B2-B236-2657DDE2C15F}.Release|x86.ActiveCfg = Release|Any CPU
		{5CE9D71E-C289-44B2-B236-2657DDE2C15F}.Release|x86.Build.0 = Release|Any CPU
		{8F1DC1F8-73D0-4322-A6F7-5DA68A5C1BAA}.Debug|Any CPU.ActiveCfg = Debug|Any CPU
		{8F1DC1F8-73D0-4322-A6F7-5DA68A5C1BAA}.Debug|Any CPU.Build.0 = Debug|Any CPU
		{8F1DC1F8-73D0-4322-A6F7-5DA68A5C1BAA}.Debug|x64.ActiveCfg = Debug|Any CPU
		{8F1DC1F8-73D0-4322-A6F7-5DA68A5C1BAA}.Debug|x64.Build.0 = Debug|Any CPU
		{8F1DC1F8-73D0-4322-A6F7-5DA68A5C1BAA}.Debug|x86.ActiveCfg = Debug|Any CPU
		{8F1DC1F8-73D0-4322-A6F7-5DA68A5C1BAA}.Debug|x86.Build.0 = Debug|Any CPU
		{8F1DC1F8-73D0-4322-A6F7-5DA68A5C1BAA}.Release|Any CPU.ActiveCfg = Release|Any CPU
		{8F1DC1F8-73D0-4322-A6F7-5DA68A5C1BAA}.Release|Any CPU.Build.0 = Release|Any CPU
		{8F1DC1F8-73D0-4322-A6F7-5DA68A5C1BAA}.Release|x64.ActiveCfg = Release|Any CPU
		{8F1DC1F8-73D0-4322-A6F7-5DA68A5C1BAA}.Release|x64.Build.0 = Release|Any CPU
		{8F1DC1F8-73D0-4322-A6F7-5DA68A5C1BAA}.Release|x86.ActiveCfg = Release|Any CPU
		{8F1DC1F8-73D0-4322-A6F7-5DA68A5C1BAA}.Release|x86.Build.0 = Release|Any CPU
		{D1DF88D4-D48E-41F2-A1B7-1CA4EC62E9E0}.Debug|Any CPU.ActiveCfg = Debug|Any CPU
		{D1DF88D4-D48E-41F2-A1B7-1CA4EC62E9E0}.Debug|Any CPU.Build.0 = Debug|Any CPU
		{D1DF88D4-D48E-41F2-A1B7-1CA4EC62E9E0}.Debug|x64.ActiveCfg = Debug|Any CPU
		{D1DF88D4-D48E-41F2-A1B7-1CA4EC62E9E0}.Debug|x64.Build.0 = Debug|Any CPU
		{D1DF88D4-D48E-41F2-A1B7-1CA4EC62E9E0}.Debug|x86.ActiveCfg = Debug|Any CPU
		{D1DF88D4-D48E-41F2-A1B7-1CA4EC62E9E0}.Debug|x86.Build.0 = Debug|Any CPU
		{D1DF88D4-D48E-41F2-A1B7-1CA4EC62E9E0}.Release|Any CPU.ActiveCfg = Release|Any CPU
		{D1DF88D4-D48E-41F2-A1B7-1CA4EC62E9E0}.Release|Any CPU.Build.0 = Release|Any CPU
		{D1DF88D4-D48E-41F2-A1B7-1CA4EC62E9E0}.Release|x64.ActiveCfg = Release|Any CPU
		{D1DF88D4-D48E-41F2-A1B7-1CA4EC62E9E0}.Release|x64.Build.0 = Release|Any CPU
		{D1DF88D4-D48E-41F2-A1B7-1CA4EC62E9E0}.Release|x86.ActiveCfg = Release|Any CPU
		{D1DF88D4-D48E-41F2-A1B7-1CA4EC62E9E0}.Release|x86.Build.0 = Release|Any CPU
		{93387485-49C3-4BD7-A109-63DBD9F41F17}.Debug|Any CPU.ActiveCfg = Debug|Any CPU
		{93387485-49C3-4BD7-A109-63DBD9F41F17}.Debug|Any CPU.Build.0 = Debug|Any CPU
		{93387485-49C3-4BD7-A109-63DBD9F41F17}.Debug|x64.ActiveCfg = Debug|Any CPU
		{93387485-49C3-4BD7-A109-63DBD9F41F17}.Debug|x64.Build.0 = Debug|Any CPU
		{93387485-49C3-4BD7-A109-63DBD9F41F17}.Debug|x86.ActiveCfg = Debug|Any CPU
		{93387485-49C3-4BD7-A109-63DBD9F41F17}.Debug|x86.Build.0 = Debug|Any CPU
		{93387485-49C3-4BD7-A109-63DBD9F41F17}.Release|Any CPU.ActiveCfg = Release|Any CPU
		{93387485-49C3-4BD7-A109-63DBD9F41F17}.Release|Any CPU.Build.0 = Release|Any CPU
		{93387485-49C3-4BD7-A109-63DBD9F41F17}.Release|x64.ActiveCfg = Release|Any CPU
		{93387485-49C3-4BD7-A109-63DBD9F41F17}.Release|x64.Build.0 = Release|Any CPU
		{93387485-49C3-4BD7-A109-63DBD9F41F17}.Release|x86.ActiveCfg = Release|Any CPU
		{93387485-49C3-4BD7-A109-63DBD9F41F17}.Release|x86.Build.0 = Release|Any CPU
		{98A39C57-A056-454E-A568-E3CB40444BD9}.Debug|Any CPU.ActiveCfg = Debug|Any CPU
		{98A39C57-A056-454E-A568-E3CB40444BD9}.Debug|Any CPU.Build.0 = Debug|Any CPU
		{98A39C57-A056-454E-A568-E3CB40444BD9}.Debug|x64.ActiveCfg = Debug|Any CPU
		{98A39C57-A056-454E-A568-E3CB40444BD9}.Debug|x64.Build.0 = Debug|Any CPU
		{98A39C57-A056-454E-A568-E3CB40444BD9}.Debug|x86.ActiveCfg = Debug|Any CPU
		{98A39C57-A056-454E-A568-E3CB40444BD9}.Debug|x86.Build.0 = Debug|Any CPU
		{98A39C57-A056-454E-A568-E3CB40444BD9}.Release|Any CPU.ActiveCfg = Release|Any CPU
		{98A39C57-A056-454E-A568-E3CB40444BD9}.Release|Any CPU.Build.0 = Release|Any CPU
		{98A39C57-A056-454E-A568-E3CB40444BD9}.Release|x64.ActiveCfg = Release|Any CPU
		{98A39C57-A056-454E-A568-E3CB40444BD9}.Release|x64.Build.0 = Release|Any CPU
		{98A39C57-A056-454E-A568-E3CB40444BD9}.Release|x86.ActiveCfg = Release|Any CPU
		{98A39C57-A056-454E-A568-E3CB40444BD9}.Release|x86.Build.0 = Release|Any CPU
		{ED63E6FF-7D5B-401E-993C-2E0455E99A66}.Debug|Any CPU.ActiveCfg = Debug|Any CPU
		{ED63E6FF-7D5B-401E-993C-2E0455E99A66}.Debug|Any CPU.Build.0 = Debug|Any CPU
		{ED63E6FF-7D5B-401E-993C-2E0455E99A66}.Debug|x64.ActiveCfg = Debug|Any CPU
		{ED63E6FF-7D5B-401E-993C-2E0455E99A66}.Debug|x64.Build.0 = Debug|Any CPU
		{ED63E6FF-7D5B-401E-993C-2E0455E99A66}.Debug|x86.ActiveCfg = Debug|Any CPU
		{ED63E6FF-7D5B-401E-993C-2E0455E99A66}.Debug|x86.Build.0 = Debug|Any CPU
		{ED63E6FF-7D5B-401E-993C-2E0455E99A66}.Release|Any CPU.ActiveCfg = Release|Any CPU
		{ED63E6FF-7D5B-401E-993C-2E0455E99A66}.Release|Any CPU.Build.0 = Release|Any CPU
		{ED63E6FF-7D5B-401E-993C-2E0455E99A66}.Release|x64.ActiveCfg = Release|Any CPU
		{ED63E6FF-7D5B-401E-993C-2E0455E99A66}.Release|x64.Build.0 = Release|Any CPU
		{ED63E6FF-7D5B-401E-993C-2E0455E99A66}.Release|x86.ActiveCfg = Release|Any CPU
		{ED63E6FF-7D5B-401E-993C-2E0455E99A66}.Release|x86.Build.0 = Release|Any CPU
		{EB978316-B6D7-482A-9F02-708A5AAF1470}.Debug|Any CPU.ActiveCfg = Debug|Any CPU
		{EB978316-B6D7-482A-9F02-708A5AAF1470}.Debug|Any CPU.Build.0 = Debug|Any CPU
		{EB978316-B6D7-482A-9F02-708A5AAF1470}.Debug|x64.ActiveCfg = Debug|Any CPU
		{EB978316-B6D7-482A-9F02-708A5AAF1470}.Debug|x64.Build.0 = Debug|Any CPU
		{EB978316-B6D7-482A-9F02-708A5AAF1470}.Debug|x86.ActiveCfg = Debug|Any CPU
		{EB978316-B6D7-482A-9F02-708A5AAF1470}.Debug|x86.Build.0 = Debug|Any CPU
		{EB978316-B6D7-482A-9F02-708A5AAF1470}.Release|Any CPU.ActiveCfg = Release|Any CPU
		{EB978316-B6D7-482A-9F02-708A5AAF1470}.Release|Any CPU.Build.0 = Release|Any CPU
		{EB978316-B6D7-482A-9F02-708A5AAF1470}.Release|x64.ActiveCfg = Release|Any CPU
		{EB978316-B6D7-482A-9F02-708A5AAF1470}.Release|x64.Build.0 = Release|Any CPU
		{EB978316-B6D7-482A-9F02-708A5AAF1470}.Release|x86.ActiveCfg = Release|Any CPU
		{EB978316-B6D7-482A-9F02-708A5AAF1470}.Release|x86.Build.0 = Release|Any CPU
		{2E487A0E-9688-4E99-834E-A765E4664F86}.Debug|Any CPU.ActiveCfg = Debug|Any CPU
		{2E487A0E-9688-4E99-834E-A765E4664F86}.Debug|Any CPU.Build.0 = Debug|Any CPU
		{2E487A0E-9688-4E99-834E-A765E4664F86}.Debug|x64.ActiveCfg = Debug|Any CPU
		{2E487A0E-9688-4E99-834E-A765E4664F86}.Debug|x64.Build.0 = Debug|Any CPU
		{2E487A0E-9688-4E99-834E-A765E4664F86}.Debug|x86.ActiveCfg = Debug|Any CPU
		{2E487A0E-9688-4E99-834E-A765E4664F86}.Debug|x86.Build.0 = Debug|Any CPU
		{2E487A0E-9688-4E99-834E-A765E4664F86}.Release|Any CPU.ActiveCfg = Release|Any CPU
		{2E487A0E-9688-4E99-834E-A765E4664F86}.Release|Any CPU.Build.0 = Release|Any CPU
		{2E487A0E-9688-4E99-834E-A765E4664F86}.Release|x64.ActiveCfg = Release|Any CPU
		{2E487A0E-9688-4E99-834E-A765E4664F86}.Release|x64.Build.0 = Release|Any CPU
		{2E487A0E-9688-4E99-834E-A765E4664F86}.Release|x86.ActiveCfg = Release|Any CPU
		{2E487A0E-9688-4E99-834E-A765E4664F86}.Release|x86.Build.0 = Release|Any CPU
		{2D2C746F-7CC2-4AE1-9BAD-B66AB99A3BBD}.Debug|Any CPU.ActiveCfg = Debug|Any CPU
		{2D2C746F-7CC2-4AE1-9BAD-B66AB99A3BBD}.Debug|Any CPU.Build.0 = Debug|Any CPU
		{2D2C746F-7CC2-4AE1-9BAD-B66AB99A3BBD}.Debug|x64.ActiveCfg = Debug|Any CPU
		{2D2C746F-7CC2-4AE1-9BAD-B66AB99A3BBD}.Debug|x64.Build.0 = Debug|Any CPU
		{2D2C746F-7CC2-4AE1-9BAD-B66AB99A3BBD}.Debug|x86.ActiveCfg = Debug|Any CPU
		{2D2C746F-7CC2-4AE1-9BAD-B66AB99A3BBD}.Debug|x86.Build.0 = Debug|Any CPU
		{2D2C746F-7CC2-4AE1-9BAD-B66AB99A3BBD}.Release|Any CPU.ActiveCfg = Release|Any CPU
		{2D2C746F-7CC2-4AE1-9BAD-B66AB99A3BBD}.Release|Any CPU.Build.0 = Release|Any CPU
		{2D2C746F-7CC2-4AE1-9BAD-B66AB99A3BBD}.Release|x64.ActiveCfg = Release|Any CPU
		{2D2C746F-7CC2-4AE1-9BAD-B66AB99A3BBD}.Release|x64.Build.0 = Release|Any CPU
		{2D2C746F-7CC2-4AE1-9BAD-B66AB99A3BBD}.Release|x86.ActiveCfg = Release|Any CPU
		{2D2C746F-7CC2-4AE1-9BAD-B66AB99A3BBD}.Release|x86.Build.0 = Release|Any CPU
		{172FA6BC-EA3C-4CC5-BE4C-85EB96C246E5}.Debug|Any CPU.ActiveCfg = Debug|Any CPU
		{172FA6BC-EA3C-4CC5-BE4C-85EB96C246E5}.Debug|Any CPU.Build.0 = Debug|Any CPU
		{172FA6BC-EA3C-4CC5-BE4C-85EB96C246E5}.Debug|x64.ActiveCfg = Debug|Any CPU
		{172FA6BC-EA3C-4CC5-BE4C-85EB96C246E5}.Debug|x64.Build.0 = Debug|Any CPU
		{172FA6BC-EA3C-4CC5-BE4C-85EB96C246E5}.Debug|x86.ActiveCfg = Debug|Any CPU
		{172FA6BC-EA3C-4CC5-BE4C-85EB96C246E5}.Debug|x86.Build.0 = Debug|Any CPU
		{172FA6BC-EA3C-4CC5-BE4C-85EB96C246E5}.Release|Any CPU.ActiveCfg = Release|Any CPU
		{172FA6BC-EA3C-4CC5-BE4C-85EB96C246E5}.Release|Any CPU.Build.0 = Release|Any CPU
		{172FA6BC-EA3C-4CC5-BE4C-85EB96C246E5}.Release|x64.ActiveCfg = Release|Any CPU
		{172FA6BC-EA3C-4CC5-BE4C-85EB96C246E5}.Release|x64.Build.0 = Release|Any CPU
		{172FA6BC-EA3C-4CC5-BE4C-85EB96C246E5}.Release|x86.ActiveCfg = Release|Any CPU
		{172FA6BC-EA3C-4CC5-BE4C-85EB96C246E5}.Release|x86.Build.0 = Release|Any CPU
		{B22F49A4-EED9-4392-833F-5BA136D3BB27}.Debug|Any CPU.ActiveCfg = Debug|Any CPU
		{B22F49A4-EED9-4392-833F-5BA136D3BB27}.Debug|Any CPU.Build.0 = Debug|Any CPU
		{B22F49A4-EED9-4392-833F-5BA136D3BB27}.Debug|x64.ActiveCfg = Debug|Any CPU
		{B22F49A4-EED9-4392-833F-5BA136D3BB27}.Debug|x64.Build.0 = Debug|Any CPU
		{B22F49A4-EED9-4392-833F-5BA136D3BB27}.Debug|x86.ActiveCfg = Debug|Any CPU
		{B22F49A4-EED9-4392-833F-5BA136D3BB27}.Debug|x86.Build.0 = Debug|Any CPU
		{B22F49A4-EED9-4392-833F-5BA136D3BB27}.Release|Any CPU.ActiveCfg = Release|Any CPU
		{B22F49A4-EED9-4392-833F-5BA136D3BB27}.Release|Any CPU.Build.0 = Release|Any CPU
		{B22F49A4-EED9-4392-833F-5BA136D3BB27}.Release|x64.ActiveCfg = Release|Any CPU
		{B22F49A4-EED9-4392-833F-5BA136D3BB27}.Release|x64.Build.0 = Release|Any CPU
		{B22F49A4-EED9-4392-833F-5BA136D3BB27}.Release|x86.ActiveCfg = Release|Any CPU
		{B22F49A4-EED9-4392-833F-5BA136D3BB27}.Release|x86.Build.0 = Release|Any CPU
		{69846FBC-A23C-499F-9A00-9E106BF1CEC6}.Debug|Any CPU.ActiveCfg = Debug|Any CPU
		{69846FBC-A23C-499F-9A00-9E106BF1CEC6}.Debug|Any CPU.Build.0 = Debug|Any CPU
		{69846FBC-A23C-499F-9A00-9E106BF1CEC6}.Debug|x64.ActiveCfg = Debug|Any CPU
		{69846FBC-A23C-499F-9A00-9E106BF1CEC6}.Debug|x64.Build.0 = Debug|Any CPU
		{69846FBC-A23C-499F-9A00-9E106BF1CEC6}.Debug|x86.ActiveCfg = Debug|Any CPU
		{69846FBC-A23C-499F-9A00-9E106BF1CEC6}.Debug|x86.Build.0 = Debug|Any CPU
		{69846FBC-A23C-499F-9A00-9E106BF1CEC6}.Release|Any CPU.ActiveCfg = Release|Any CPU
		{69846FBC-A23C-499F-9A00-9E106BF1CEC6}.Release|Any CPU.Build.0 = Release|Any CPU
		{69846FBC-A23C-499F-9A00-9E106BF1CEC6}.Release|x64.ActiveCfg = Release|Any CPU
		{69846FBC-A23C-499F-9A00-9E106BF1CEC6}.Release|x64.Build.0 = Release|Any CPU
		{69846FBC-A23C-499F-9A00-9E106BF1CEC6}.Release|x86.ActiveCfg = Release|Any CPU
		{69846FBC-A23C-499F-9A00-9E106BF1CEC6}.Release|x86.Build.0 = Release|Any CPU
		{2853BB49-3444-4309-B403-AD42061C58FA}.Debug|Any CPU.ActiveCfg = Debug|Any CPU
		{2853BB49-3444-4309-B403-AD42061C58FA}.Debug|Any CPU.Build.0 = Debug|Any CPU
		{2853BB49-3444-4309-B403-AD42061C58FA}.Debug|x64.ActiveCfg = Debug|Any CPU
		{2853BB49-3444-4309-B403-AD42061C58FA}.Debug|x64.Build.0 = Debug|Any CPU
		{2853BB49-3444-4309-B403-AD42061C58FA}.Debug|x86.ActiveCfg = Debug|Any CPU
		{2853BB49-3444-4309-B403-AD42061C58FA}.Debug|x86.Build.0 = Debug|Any CPU
		{2853BB49-3444-4309-B403-AD42061C58FA}.Release|Any CPU.ActiveCfg = Release|Any CPU
		{2853BB49-3444-4309-B403-AD42061C58FA}.Release|Any CPU.Build.0 = Release|Any CPU
		{2853BB49-3444-4309-B403-AD42061C58FA}.Release|x64.ActiveCfg = Release|Any CPU
		{2853BB49-3444-4309-B403-AD42061C58FA}.Release|x64.Build.0 = Release|Any CPU
		{2853BB49-3444-4309-B403-AD42061C58FA}.Release|x86.ActiveCfg = Release|Any CPU
		{2853BB49-3444-4309-B403-AD42061C58FA}.Release|x86.Build.0 = Release|Any CPU
		{858A42A7-27CC-43C6-8BCD-3521DCCB8171}.Debug|Any CPU.ActiveCfg = Debug|Any CPU
		{858A42A7-27CC-43C6-8BCD-3521DCCB8171}.Debug|Any CPU.Build.0 = Debug|Any CPU
		{858A42A7-27CC-43C6-8BCD-3521DCCB8171}.Debug|x64.ActiveCfg = Debug|Any CPU
		{858A42A7-27CC-43C6-8BCD-3521DCCB8171}.Debug|x64.Build.0 = Debug|Any CPU
		{858A42A7-27CC-43C6-8BCD-3521DCCB8171}.Debug|x86.ActiveCfg = Debug|Any CPU
		{858A42A7-27CC-43C6-8BCD-3521DCCB8171}.Debug|x86.Build.0 = Debug|Any CPU
		{858A42A7-27CC-43C6-8BCD-3521DCCB8171}.Release|Any CPU.ActiveCfg = Release|Any CPU
		{858A42A7-27CC-43C6-8BCD-3521DCCB8171}.Release|Any CPU.Build.0 = Release|Any CPU
		{858A42A7-27CC-43C6-8BCD-3521DCCB8171}.Release|x64.ActiveCfg = Release|Any CPU
		{858A42A7-27CC-43C6-8BCD-3521DCCB8171}.Release|x64.Build.0 = Release|Any CPU
		{858A42A7-27CC-43C6-8BCD-3521DCCB8171}.Release|x86.ActiveCfg = Release|Any CPU
		{858A42A7-27CC-43C6-8BCD-3521DCCB8171}.Release|x86.Build.0 = Release|Any CPU
		{A43E5D7E-9F8F-40DE-9982-2C923A663583}.Debug|Any CPU.ActiveCfg = Debug|Any CPU
		{A43E5D7E-9F8F-40DE-9982-2C923A663583}.Debug|Any CPU.Build.0 = Debug|Any CPU
		{A43E5D7E-9F8F-40DE-9982-2C923A663583}.Debug|x64.ActiveCfg = Debug|Any CPU
		{A43E5D7E-9F8F-40DE-9982-2C923A663583}.Debug|x64.Build.0 = Debug|Any CPU
		{A43E5D7E-9F8F-40DE-9982-2C923A663583}.Debug|x86.ActiveCfg = Debug|Any CPU
		{A43E5D7E-9F8F-40DE-9982-2C923A663583}.Debug|x86.Build.0 = Debug|Any CPU
		{A43E5D7E-9F8F-40DE-9982-2C923A663583}.Release|Any CPU.ActiveCfg = Release|Any CPU
		{A43E5D7E-9F8F-40DE-9982-2C923A663583}.Release|Any CPU.Build.0 = Release|Any CPU
		{A43E5D7E-9F8F-40DE-9982-2C923A663583}.Release|x64.ActiveCfg = Release|Any CPU
		{A43E5D7E-9F8F-40DE-9982-2C923A663583}.Release|x64.Build.0 = Release|Any CPU
		{A43E5D7E-9F8F-40DE-9982-2C923A663583}.Release|x86.ActiveCfg = Release|Any CPU
		{A43E5D7E-9F8F-40DE-9982-2C923A663583}.Release|x86.Build.0 = Release|Any CPU
		{7BCC517F-FE6A-4B74-BD4D-F0D1B59B3BB3}.Debug|Any CPU.ActiveCfg = Debug|Any CPU
		{7BCC517F-FE6A-4B74-BD4D-F0D1B59B3BB3}.Debug|Any CPU.Build.0 = Debug|Any CPU
		{7BCC517F-FE6A-4B74-BD4D-F0D1B59B3BB3}.Debug|x64.ActiveCfg = Debug|Any CPU
		{7BCC517F-FE6A-4B74-BD4D-F0D1B59B3BB3}.Debug|x64.Build.0 = Debug|Any CPU
		{7BCC517F-FE6A-4B74-BD4D-F0D1B59B3BB3}.Debug|x86.ActiveCfg = Debug|Any CPU
		{7BCC517F-FE6A-4B74-BD4D-F0D1B59B3BB3}.Debug|x86.Build.0 = Debug|Any CPU
		{7BCC517F-FE6A-4B74-BD4D-F0D1B59B3BB3}.Release|Any CPU.ActiveCfg = Release|Any CPU
		{7BCC517F-FE6A-4B74-BD4D-F0D1B59B3BB3}.Release|Any CPU.Build.0 = Release|Any CPU
		{7BCC517F-FE6A-4B74-BD4D-F0D1B59B3BB3}.Release|x64.ActiveCfg = Release|Any CPU
		{7BCC517F-FE6A-4B74-BD4D-F0D1B59B3BB3}.Release|x64.Build.0 = Release|Any CPU
		{7BCC517F-FE6A-4B74-BD4D-F0D1B59B3BB3}.Release|x86.ActiveCfg = Release|Any CPU
		{7BCC517F-FE6A-4B74-BD4D-F0D1B59B3BB3}.Release|x86.Build.0 = Release|Any CPU
	EndGlobalSection
	GlobalSection(SolutionProperties) = preSolution
		HideSolutionNode = FALSE
	EndGlobalSection
	GlobalSection(NestedProjects) = preSolution
		{90AACAC6-F01F-4D80-4495-114698DDABE3} = {827E0CD3-B72D-47B6-A68D-7590B98EB39B}
		{EF6C69CA-65C5-4B20-8297-54199BDC8B36} = {90AACAC6-F01F-4D80-4495-114698DDABE3}
		{A44ADCDC-3352-4A3B-B50E-DA03BF73531D} = {90AACAC6-F01F-4D80-4495-114698DDABE3}
		{676D0979-40FD-0699-BCE1-E26B1C7B6859} = {0AB3BF05-4346-4AA6-1389-037BE0695223}
		{1DA7381A-3ADF-42F5-9601-633012A335BA} = {676D0979-40FD-0699-BCE1-E26B1C7B6859}
		{F3A33375-3453-441A-9F12-41B9B6C58D31} = {0AB3BF05-4346-4AA6-1389-037BE0695223}
		{90298CBA-BD6F-3A0A-69D5-97CAD7B05E7E} = {827E0CD3-B72D-47B6-A68D-7590B98EB39B}
		{86220351-D0B8-4352-8F01-85320F383959} = {90298CBA-BD6F-3A0A-69D5-97CAD7B05E7E}
		{EB6069A0-1B14-4F65-A06E-D8B195D716F2} = {90298CBA-BD6F-3A0A-69D5-97CAD7B05E7E}
		{E00CE93C-A9E0-48B6-8743-59939791C30A} = {90298CBA-BD6F-3A0A-69D5-97CAD7B05E7E}
		{7A2E41D5-C69B-42D1-B2CE-50D0D393A2E3} = {90298CBA-BD6F-3A0A-69D5-97CAD7B05E7E}
		{868B1D4D-7E1A-4CF1-A056-6CD12A43BC7C} = {90298CBA-BD6F-3A0A-69D5-97CAD7B05E7E}
		{981C2CF6-E5BB-602A-511C-234B538302B0} = {827E0CD3-B72D-47B6-A68D-7590B98EB39B}
		{3145FD73-DBFE-4EDD-A4B7-46D88BBE4C69} = {981C2CF6-E5BB-602A-511C-234B538302B0}
		{EC447DCF-ABFA-6E24-52A5-D7FD48A5C558} = {827E0CD3-B72D-47B6-A68D-7590B98EB39B}
		{0EC62A1A-9858-3A60-8A0C-FC9AACFA2EC7} = {EC447DCF-ABFA-6E24-52A5-D7FD48A5C558}
		{4458D06B-AA00-4004-AE93-FF88E7946CC3} = {0EC62A1A-9858-3A60-8A0C-FC9AACFA2EC7}
		{78D0323E-BAD6-4F73-BB93-E72699D621EF} = {0EC62A1A-9858-3A60-8A0C-FC9AACFA2EC7}
		{4F39B8DE-A286-4817-AE2C-9BB356D2AD4C} = {0EC62A1A-9858-3A60-8A0C-FC9AACFA2EC7}
		{0F93750C-A079-46DD-94C5-1528FD910608} = {0EC62A1A-9858-3A60-8A0C-FC9AACFA2EC7}
		{A26F344D-182E-CE53-AD51-2154946AC6F3} = {EC447DCF-ABFA-6E24-52A5-D7FD48A5C558}
		{BECC089F-B698-4B03-877F-F9157C3C8F36} = {A26F344D-182E-CE53-AD51-2154946AC6F3}
		{41F78501-7C97-45FC-A908-344D14CC45A1} = {A26F344D-182E-CE53-AD51-2154946AC6F3}
		{38E9D967-294C-4BFF-BE36-0DB2268386F0} = {A26F344D-182E-CE53-AD51-2154946AC6F3}
		{F2E9A0C4-8B23-41B6-9E04-1849FE7CC211} = {A26F344D-182E-CE53-AD51-2154946AC6F3}
		{ABB153F5-497E-25E7-E918-29ED4C71B6E5} = {EC447DCF-ABFA-6E24-52A5-D7FD48A5C558}
		{D8739877-2139-45CB-B02C-2E257A040CF7} = {ABB153F5-497E-25E7-E918-29ED4C71B6E5}
		{F85D9CD6-D617-493C-99D8-F1ACB0524B23} = {ABB153F5-497E-25E7-E918-29ED4C71B6E5}
		{AA235D6F-5BAA-4A5D-9845-765F586083AE} = {ABB153F5-497E-25E7-E918-29ED4C71B6E5}
		{60942727-E628-4DFC-9CF2-F6C7BAD60B0E} = {ABB153F5-497E-25E7-E918-29ED4C71B6E5}
		{706CDA7D-1D5B-41F9-2B7B-CFC0D50122E6} = {EC447DCF-ABFA-6E24-52A5-D7FD48A5C558}
		{F9861FCD-382C-4986-8ABD-5F57D32E70FA} = {706CDA7D-1D5B-41F9-2B7B-CFC0D50122E6}
		{F05AE454-D059-4498-A509-41EFEF86E07F} = {706CDA7D-1D5B-41F9-2B7B-CFC0D50122E6}
		{5956972A-7F10-4BC9-B49B-A2220DAA46F6} = {706CDA7D-1D5B-41F9-2B7B-CFC0D50122E6}
		{5C190951-F29B-4F36-BCE9-664BD41E4491} = {706CDA7D-1D5B-41F9-2B7B-CFC0D50122E6}
		{A3EAED29-4CBC-FD78-85FB-369C0DE60D96} = {EC447DCF-ABFA-6E24-52A5-D7FD48A5C558}
		{7E0F220F-F935-465F-A283-958564366B58} = {A3EAED29-4CBC-FD78-85FB-369C0DE60D96}
		{B4CE37D1-8587-4302-A381-686EE3B63337} = {A3EAED29-4CBC-FD78-85FB-369C0DE60D96}
		{0C2C2E82-D125-4415-8AD1-E562D24FBEB3} = {A3EAED29-4CBC-FD78-85FB-369C0DE60D96}
		{4B2DB34F-A176-45B3-A1F8-88318C148E50} = {A3EAED29-4CBC-FD78-85FB-369C0DE60D96}
		{9FCB07E3-B411-69C0-9CA4-7AFC7B26BAA0} = {EC447DCF-ABFA-6E24-52A5-D7FD48A5C558}
		{3C421B4A-A239-4521-93D3-143D1DFA6FF9} = {9FCB07E3-B411-69C0-9CA4-7AFC7B26BAA0}
		{5A072622-A3BC-4905-B106-D128330243A3} = {9FCB07E3-B411-69C0-9CA4-7AFC7B26BAA0}
		{62A4EC24-C5FA-4C3D-B51A-45306D546522} = {9FCB07E3-B411-69C0-9CA4-7AFC7B26BAA0}
		{45232222-EC4B-4401-A07E-D227535D52BD} = {9FCB07E3-B411-69C0-9CA4-7AFC7B26BAA0}
		{82A79FF3-AF37-F2F7-8945-CDFBE75466C5} = {EC447DCF-ABFA-6E24-52A5-D7FD48A5C558}
		{4DBA1248-B560-4AB0-857C-8554F091266C} = {82A79FF3-AF37-F2F7-8945-CDFBE75466C5}
		{9BC0E9A6-AE24-4A22-B1CA-2A71E14A47E4} = {82A79FF3-AF37-F2F7-8945-CDFBE75466C5}
		{5CE9D71E-C289-44B2-B236-2657DDE2C15F} = {82A79FF3-AF37-F2F7-8945-CDFBE75466C5}
		{8F1DC1F8-73D0-4322-A6F7-5DA68A5C1BAA} = {82A79FF3-AF37-F2F7-8945-CDFBE75466C5}
		{DE9DAF8A-E684-0FD3-FFDC-40D3E3158533} = {EC447DCF-ABFA-6E24-52A5-D7FD48A5C558}
		{D1DF88D4-D48E-41F2-A1B7-1CA4EC62E9E0} = {DE9DAF8A-E684-0FD3-FFDC-40D3E3158533}
		{93387485-49C3-4BD7-A109-63DBD9F41F17} = {DE9DAF8A-E684-0FD3-FFDC-40D3E3158533}
		{98A39C57-A056-454E-A568-E3CB40444BD9} = {DE9DAF8A-E684-0FD3-FFDC-40D3E3158533}
		{CCE8970C-F19F-F7F5-0E2D-F3755490E052} = {EC447DCF-ABFA-6E24-52A5-D7FD48A5C558}
		{ED63E6FF-7D5B-401E-993C-2E0455E99A66} = {CCE8970C-F19F-F7F5-0E2D-F3755490E052}
		{EB978316-B6D7-482A-9F02-708A5AAF1470} = {CCE8970C-F19F-F7F5-0E2D-F3755490E052}
		{2E487A0E-9688-4E99-834E-A765E4664F86} = {CCE8970C-F19F-F7F5-0E2D-F3755490E052}
		{2D2C746F-7CC2-4AE1-9BAD-B66AB99A3BBD} = {CCE8970C-F19F-F7F5-0E2D-F3755490E052}
		{E2033C11-7B98-52CD-6515-667A004EDADD} = {EC447DCF-ABFA-6E24-52A5-D7FD48A5C558}
		{172FA6BC-EA3C-4CC5-BE4C-85EB96C246E5} = {E2033C11-7B98-52CD-6515-667A004EDADD}
		{B22F49A4-EED9-4392-833F-5BA136D3BB27} = {E2033C11-7B98-52CD-6515-667A004EDADD}
		{69846FBC-A23C-499F-9A00-9E106BF1CEC6} = {E2033C11-7B98-52CD-6515-667A004EDADD}
		{2853BB49-3444-4309-B403-AD42061C58FA} = {E2033C11-7B98-52CD-6515-667A004EDADD}
		{3482A603-7AEB-377F-9DA5-9757A465DBE8} = {EC447DCF-ABFA-6E24-52A5-D7FD48A5C558}
		{858A42A7-27CC-43C6-8BCD-3521DCCB8171} = {3482A603-7AEB-377F-9DA5-9757A465DBE8}
		{A43E5D7E-9F8F-40DE-9982-2C923A663583} = {3482A603-7AEB-377F-9DA5-9757A465DBE8}
		{7BCC517F-FE6A-4B74-BD4D-F0D1B59B3BB3} = {3482A603-7AEB-377F-9DA5-9757A465DBE8}
	EndGlobalSection
	GlobalSection(ExtensibilityGlobals) = postSolution
		SolutionGuid = {3CEB32D9-9CAC-4AFD-B140-266B9F78117C}
	EndGlobalSection
EndGlobal
